
Microsoft Visual Studio Solution File, Format Version 12.00
# Visual Studio Version 16
VisualStudioVersion = 16.0.30804.86
MinimumVisualStudioVersion = 10.0.40219.1
Project("{FAE04EC0-301F-11D3-BF4B-00C04F79EFBC}") = "PopupsTutorial.Android", "PopupsTutorial\PopupsTutorial.Android\PopupsTutorial.Android.csproj", "{ECA4AE0F-436A-46F2-AA07-8DA5FB8FF224}"
EndProject
Project("{FAE04EC0-301F-11D3-BF4B-00C04F79EFBC}") = "PopupsTutorial.iOS", "PopupsTutorial\PopupsTutorial.iOS\PopupsTutorial.iOS.csproj", "{377638F7-6273-420F-9EBD-6FE82D1106AA}"
EndProject
Project("{FAE04EC0-301F-11D3-BF4B-00C04F79EFBC}") = "PopupsTutorial", "PopupsTutorial\PopupsTutorial\PopupsTutorial.csproj", "{538E1D28-B9CB-4214-A75A-2D484A1BAA68}"
EndProject
Global
	GlobalSection(SolutionConfigurationPlatforms) = preSolution
		Debug|Any CPU = Debug|Any CPU
		Debug|iPhone = Debug|iPhone
		Debug|iPhoneSimulator = Debug|iPhoneSimulator
		Release|Any CPU = Release|Any CPU
		Release|iPhone = Release|iPhone
		Release|iPhoneSimulator = Release|iPhoneSimulator
	EndGlobalSection
	GlobalSection(ProjectConfigurationPlatforms) = postSolution
		{ECA4AE0F-436A-46F2-AA07-8DA5FB8FF224}.Debug|Any CPU.ActiveCfg = Debug|Any CPU
		{ECA4AE0F-436A-46F2-AA07-8DA5FB8FF224}.Debug|Any CPU.Build.0 = Debug|Any CPU
		{ECA4AE0F-436A-46F2-AA07-8DA5FB8FF224}.Debug|Any CPU.Deploy.0 = Debug|Any CPU
		{ECA4AE0F-436A-46F2-AA07-8DA5FB8FF224}.Debug|iPhone.ActiveCfg = Debug|Any CPU
		{ECA4AE0F-436A-46F2-AA07-8DA5FB8FF224}.Debug|iPhone.Build.0 = Debug|Any CPU
		{ECA4AE0F-436A-46F2-AA07-8DA5FB8FF224}.Debug|iPhone.Deploy.0 = Debug|Any CPU
		{ECA4AE0F-436A-46F2-AA07-8DA5FB8FF224}.Debug|iPhoneSimulator.ActiveCfg = Debug|Any CPU
		{ECA4AE0F-436A-46F2-AA07-8DA5FB8FF224}.Debug|iPhoneSimulator.Build.0 = Debug|Any CPU
		{ECA4AE0F-436A-46F2-AA07-8DA5FB8FF224}.Debug|iPhoneSimulator.Deploy.0 = Debug|Any CPU
		{ECA4AE0F-436A-46F2-AA07-8DA5FB8FF224}.Release|Any CPU.ActiveCfg = Release|Any CPU
		{ECA4AE0F-436A-46F2-AA07-8DA5FB8FF224}.Release|Any CPU.Build.0 = Release|Any CPU
		{ECA4AE0F-436A-46F2-AA07-8DA5FB8FF224}.Release|Any CPU.Deploy.0 = Release|Any CPU
		{ECA4AE0F-436A-46F2-AA07-8DA5FB8FF224}.Release|iPhone.ActiveCfg = Release|Any CPU
		{ECA4AE0F-436A-46F2-AA07-8DA5FB8FF224}.Release|iPhone.Build.0 = Release|Any CPU
		{ECA4AE0F-436A-46F2-AA07-8DA5FB8FF224}.Release|iPhone.Deploy.0 = Release|Any CPU
		{ECA4AE0F-436A-46F2-AA07-8DA5FB8FF224}.Release|iPhoneSimulator.ActiveCfg = Release|Any CPU
		{ECA4AE0F-436A-46F2-AA07-8DA5FB8FF224}.Release|iPhoneSimulator.Build.0 = Release|Any CPU
		{ECA4AE0F-436A-46F2-AA07-8DA5FB8FF224}.Release|iPhoneSimulator.Deploy.0 = Release|Any CPU
		{377638F7-6273-420F-9EBD-6FE82D1106AA}.Debug|Any CPU.ActiveCfg = Debug|iPhone
		{377638F7-6273-420F-9EBD-6FE82D1106AA}.Debug|Any CPU.Build.0 = Debug|iPhone
		{377638F7-6273-420F-9EBD-6FE82D1106AA}.Debug|Any CPU.Deploy.0 = Debug|iPhone
		{377638F7-6273-420F-9EBD-6FE82D1106AA}.Debug|iPhone.ActiveCfg = Debug|iPhone
		{377638F7-6273-420F-9EBD-6FE82D1106AA}.Debug|iPhone.Build.0 = Debug|iPhone
		{377638F7-6273-420F-9EBD-6FE82D1106AA}.Debug|iPhone.Deploy.0 = Debug|iPhone
		{377638F7-6273-420F-9EBD-6FE82D1106AA}.Debug|iPhoneSimulator.ActiveCfg = Debug|iPhoneSimulator
		{377638F7-6273-420F-9EBD-6FE82D1106AA}.Debug|iPhoneSimulator.Build.0 = Debug|iPhoneSimulator
		{377638F7-6273-420F-9EBD-6FE82D1106AA}.Debug|iPhoneSimulator.Deploy.0 = Debug|iPhoneSimulator
		{377638F7-6273-420F-9EBD-6FE82D1106AA}.Release|Any CPU.ActiveCfg = Release|iPhoneSimulator
		{377638F7-6273-420F-9EBD-6FE82D1106AA}.Release|Any CPU.Build.0 = Release|iPhoneSimulator
		{377638F7-6273-420F-9EBD-6FE82D1106AA}.Release|Any CPU.Deploy.0 = Release|iPhoneSimulator
		{377638F7-6273-420F-9EBD-6FE82D1106AA}.Release|iPhone.ActiveCfg = Release|iPhone
		{377638F7-6273-420F-9EBD-6FE82D1106AA}.Release|iPhone.Build.0 = Release|iPhone
		{377638F7-6273-420F-9EBD-6FE82D1106AA}.Release|iPhone.Deploy.0 = Release|iPhone
		{377638F7-6273-420F-9EBD-6FE82D1106AA}.Release|iPhoneSimulator.ActiveCfg = Release|iPhoneSimulator
		{377638F7-6273-420F-9EBD-6FE82D1106AA}.Release|iPhoneSimulator.Build.0 = Release|iPhoneSimulator
		{377638F7-6273-420F-9EBD-6FE82D1106AA}.Release|iPhoneSimulator.Deploy.0 = Release|iPhoneSimulator
		{538E1D28-B9CB-4214-A75A-2D484A1BAA68}.Debug|Any CPU.ActiveCfg = Debug|Any CPU
		{538E1D28-B9CB-4214-A75A-2D484A1BAA68}.Debug|Any CPU.Build.0 = Debug|Any CPU
		{538E1D28-B9CB-4214-A75A-2D484A1BAA68}.Debug|Any CPU.Deploy.0 = Debug|Any CPU
		{538E1D28-B9CB-4214-A75A-2D484A1BAA68}.Debug|iPhone.ActiveCfg = Debug|Any CPU
		{538E1D28-B9CB-4214-A75A-2D484A1BAA68}.Debug|iPhone.Build.0 = Debug|Any CPU
		{538E1D28-B9CB-4214-A75A-2D484A1BAA68}.Debug|iPhone.Deploy.0 = Debug|Any CPU
		{538E1D28-B9CB-4214-A75A-2D484A1BAA68}.Debug|iPhoneSimulator.ActiveCfg = Debug|Any CPU
		{538E1D28-B9CB-4214-A75A-2D484A1BAA68}.Debug|iPhoneSimulator.Build.0 = Debug|Any CPU
		{538E1D28-B9CB-4214-A75A-2D484A1BAA68}.Debug|iPhoneSimulator.Deploy.0 = Debug|Any CPU
		{538E1D28-B9CB-4214-A75A-2D484A1BAA68}.Release|Any CPU.ActiveCfg = Release|Any CPU
		{538E1D28-B9CB-4214-A75A-2D484A1BAA68}.Release|Any CPU.Build.0 = Release|Any CPU
		{538E1D28-B9CB-4214-A75A-2D484A1BAA68}.Release|Any CPU.Deploy.0 = Release|Any CPU
		{538E1D28-B9CB-4214-A75A-2D484A1BAA68}.Release|iPhone.ActiveCfg = Release|Any CPU
		{538E1D28-B9CB-4214-A75A-2D484A1BAA68}.Release|iPhone.Build.0 = Release|Any CPU
		{538E1D28-B9CB-4214-A75A-2D484A1BAA68}.Release|iPhone.Deploy.0 = Release|Any CPU
		{538E1D28-B9CB-4214-A75A-2D484A1BAA68}.Release|iPhoneSimulator.ActiveCfg = Release|Any CPU
		{538E1D28-B9CB-4214-A75A-2D484A1BAA68}.Release|iPhoneSimulator.Build.0 = Release|Any CPU
		{538E1D28-B9CB-4214-A75A-2D484A1BAA68}.Release|iPhoneSimulator.Deploy.0 = Release|Any CPU
	EndGlobalSection
	GlobalSection(SolutionProperties) = preSolution
		HideSolutionNode = FALSE
	EndGlobalSection
	GlobalSection(ExtensibilityGlobals) = postSolution
		SolutionGuid = {93F5C00A-5D86-42B3-8C89-FB1DD41FD117}
	EndGlobalSection
EndGlobal
