
Microsoft Visual Studio Solution File, Format Version 12.00
# Visual Studio Version 17
VisualStudioVersion = 17.8.34322.80
MinimumVisualStudioVersion = 10.0.40219.1
Project("{FAE04EC0-301F-11D3-BF4B-00C04F79EFBC}") = "MauiApp1", "MauiApp1.csproj", "{B1788657-1D98-4C26-8210-26C43135C017}"
EndProject
Global
	GlobalSection(SolutionConfigurationPlatforms) = preSolution
		Debug|Any CPU = Debug|Any CPU
		Release|Any CPU = Release|Any CPU
	EndGlobalSection
	GlobalSection(ProjectConfigurationPlatforms) = postSolution
		{B1788657-1D98-4C26-8210-26C43135C017}.Debug|Any CPU.ActiveCfg = Debug|Any CPU
		{B1788657-1D98-4C26-8210-26C43135C017}.Debug|Any CPU.Build.0 = Debug|Any CPU
		{B1788657-1D98-4C26-8210-26C43135C017}.Debug|Any CPU.Deploy.0 = Debug|Any CPU
		{B1788657-1D98-4C26-8210-26C43135C017}.Release|Any CPU.ActiveCfg = Release|Any CPU
		{B1788657-1D98-4C26-8210-26C43135C017}.Release|Any CPU.Build.0 = Release|Any CPU
		{B1788657-1D98-4C26-8210-26C43135C017}.Release|Any CPU.Deploy.0 = Release|Any CPU
	EndGlobalSection
	GlobalSection(SolutionProperties) = preSolution
		HideSolutionNode = FALSE
	EndGlobalSection
	GlobalSection(ExtensibilityGlobals) = postSolution
		SolutionGuid = {9D9D0019-1863-47FE-A8B9-3A676A86CFE1}
	EndGlobalSection
EndGlobal
