<?xml version="1.0" encoding="utf-8"?>
<Project ToolsVersion="4.0" xmlns="http://schemas.microsoft.com/developer/msbuild/2003">
  <ItemGroup>
    <Filter Include="Resource files">
      <UniqueIdentifier>{67DA6AB6-F800-4c08-8B7A-83BB121AAD01}</UniqueIdentifier>
      <Extensions>rc;ico;cur;bmp;dlg;rc2;rct;bin;rgs;gif;jpg;jpeg;jpe;resx;tiff;tif;png;wav;mfcribbon-ms</Extensions>
    </Filter>
    <Filter Include="Source files">
      <UniqueIdentifier>{4FC737F1-C7A5-4376-A066-2A32D752A2FF}</UniqueIdentifier>
      <Extensions>cpp;c;cc;cxx;def;odl;idl;hpj;bat;asm;asmx</Extensions>
    </Filter>
    <Filter Include="Header files">
      <UniqueIdentifier>{93995380-89BD-4b04-88EB-625FBE52EBFB}</UniqueIdentifier>
      <Extensions>h;hpp;hxx;hm;inl;inc;xsd</Extensions>
    </Filter>
  </ItemGroup>
  <ItemGroup>
    <ClCompile Include="MessageLoop.cpp">
      <Filter>Source files</Filter>
    </ClCompile>
    <ClCompile Include="WindowBuilder.cpp">
      <Filter>Source files</Filter>
    </ClCompile>
    <ClCompile Include="WindowClassBuilder.cpp">
      <Filter>Source files</Filter>
    </ClCompile>
    <ClCompile Include="WindowProcedureHandler.cpp">
      <Filter>Source files</Filter>
    </ClCompile>
    <ClCompile Include="WindowComponentBuilder.cpp">
      <Filter>Source files</Filter>
    </ClCompile>
    <ClCompile Include="WindowComponentBuilderFactory.cpp">
      <Filter>Source files</Filter>
    </ClCompile>
    <ClCompile Include="Window.cpp">
      <Filter>Source files</Filter>
    </ClCompile>
    <ClCompile Include="InputStates.cpp">
      <Filter>Source files</Filter>
    </ClCompile>
  </ItemGroup>
  <ItemGroup>
    <ClInclude Include="Common.hpp">
      <Filter>Header files</Filter>
    </ClInclude>
    <ClInclude Include="MessageLoop.hpp">
      <Filter>Header files</Filter>
    </ClInclude>
    <ClInclude Include="WindowBuilder.hpp">
      <Filter>Header files</Filter>
    </ClInclude>
    <ClInclude Include="WindowClassBuilder.hpp">
      <Filter>Header files</Filter>
    </ClInclude>
    <ClInclude Include="WindowProcedureHandler.hpp">
      <Filter>Header files</Filter>
    </ClInclude>
    <ClInclude Include="WindowComponentBuilder.hpp">
      <Filter>Header files</Filter>
    </ClInclude>
    <ClInclude Include="WindowComponentBuilderFactory.hpp">
      <Filter>Header files</Filter>
    </ClInclude>
    <ClInclude Include="Window.hpp">
      <Filter>Header files</Filter>
    </ClInclude>
    <ClInclude Include="InputStates.hpp">
      <Filter>Header files</Filter>
    </ClInclude>
    <ClInclude Include="Win32Layer.hpp">
      <Filter>Header files</Filter>
    </ClInclude>
  </ItemGroup>
</Project>