// !$*UTF8*$!
{
	archiveVersion = 1;
	classes = {
	};
	objectVersion = 50;
	objects = {

/* Begin PBXBuildFile section */
		CA7FBD1C22F0187400E06655 /* AppDelegate.swift in Sources */ = {isa = PBXBuildFile; fileRef = CA7FBD1B22F0187400E06655 /* AppDelegate.swift */; };
		CA7FBD1E22F0187400E06655 /* ViewController.swift in Sources */ = {isa = PBXBuildFile; fileRef = CA7FBD1D22F0187400E06655 /* ViewController.swift */; };
		CA7FBD2022F0187500E06655 /* Assets.xcassets in Resources */ = {isa = PBXBuildFile; fileRef = CA7FBD1F22F0187500E06655 /* Assets.xcassets */; };
		CA7FBD2322F0187500E06655 /* Main.storyboard in Resources */ = {isa = PBXBuildFile; fileRef = CA7FBD2122F0187500E06655 /* Main.storyboard */; };
		CA7FBD2F22F0187500E06655 /* HelloCocoaTests.swift in Sources */ = {isa = PBXBuildFile; fileRef = CA7FBD2E22F0187500E06655 /* HelloCocoaTests.swift */; };
		CA7FBD3A22F0187500E06655 /* HelloCocoaUITests.swift in Sources */ = {isa = PBXBuildFile; fileRef = CA7FBD3922F0187500E06655 /* HelloCocoaUITests.swift */; };
/* End PBXBuildFile section */

/* Begin PBXContainerItemProxy section */
		CA7FBD2B22F0187500E06655 /* PBXContainerItemProxy */ = {
			isa = PBXContainerItemProxy;
			containerPortal = CA7FBD1022F0187400E06655 /* Project object */;
			proxyType = 1;
			remoteGlobalIDString = CA7FBD1722F0187400E06655;
			remoteInfo = HelloCocoa;
		};
		CA7FBD3622F0187500E06655 /* PBXContainerItemProxy */ = {
			isa = PBXContainerItemProxy;
			containerPortal = CA7FBD1022F0187400E06655 /* Project object */;
			proxyType = 1;
			remoteGlobalIDString = CA7FBD1722F0187400E06655;
			remoteInfo = HelloCocoa;
		};
/* End PBXContainerItemProxy section */

/* Begin PBXFileReference section */
		CA7FBD1822F0187400E06655 /* HelloCocoa.app */ = {isa = PBXFileReference; explicitFileType = wrapper.application; includeInIndex = 0; path = HelloCocoa.app; sourceTree = BUILT_PRODUCTS_DIR; };
		CA7FBD1B22F0187400E06655 /* AppDelegate.swift */ = {isa = PBXFileReference; lastKnownFileType = sourcecode.swift; path = AppDelegate.swift; sourceTree = "<group>"; };
		CA7FBD1D22F0187400E06655 /* ViewController.swift */ = {isa = PBXFileReference; lastKnownFileType = sourcecode.swift; path = ViewController.swift; sourceTree = "<group>"; };
		CA7FBD1F22F0187500E06655 /* Assets.xcassets */ = {isa = PBXFileReference; lastKnownFileType = folder.assetcatalog; path = Assets.xcassets; sourceTree = "<group>"; };
		CA7FBD2222F0187500E06655 /* Base */ = {isa = PBXFileReference; lastKnownFileType = file.storyboard; name = Base; path = Base.lproj/Main.storyboard; sourceTree = "<group>"; };
		CA7FBD2422F0187500E06655 /* Info.plist */ = {isa = PBXFileReference; lastKnownFileType = text.plist.xml; path = Info.plist; sourceTree = "<group>"; };
		CA7FBD2522F0187500E06655 /* HelloCocoa.entitlements */ = {isa = PBXFileReference; lastKnownFileType = text.plist.entitlements; path = HelloCocoa.entitlements; sourceTree = "<group>"; };
		CA7FBD2A22F0187500E06655 /* HelloCocoaTests.xctest */ = {isa = PBXFileReference; explicitFileType = wrapper.cfbundle; includeInIndex = 0; path = HelloCocoaTests.xctest; sourceTree = BUILT_PRODUCTS_DIR; };
		CA7FBD2E22F0187500E06655 /* HelloCocoaTests.swift */ = {isa = PBXFileReference; lastKnownFileType = sourcecode.swift; path = HelloCocoaTests.swift; sourceTree = "<group>"; };
		CA7FBD3022F0187500E06655 /* Info.plist */ = {isa = PBXFileReference; lastKnownFileType = text.plist.xml; path = Info.plist; sourceTree = "<group>"; };
		CA7FBD3522F0187500E06655 /* HelloCocoaUITests.xctest */ = {isa = PBXFileReference; explicitFileType = wrapper.cfbundle; includeInIndex = 0; path = HelloCocoaUITests.xctest; sourceTree = BUILT_PRODUCTS_DIR; };
		CA7FBD3922F0187500E06655 /* HelloCocoaUITests.swift */ = {isa = PBXFileReference; lastKnownFileType = sourcecode.swift; path = HelloCocoaUITests.swift; sourceTree = "<group>"; };
		CA7FBD3B22F0187500E06655 /* Info.plist */ = {isa = PBXFileReference; lastKnownFileType = text.plist.xml; path = Info.plist; sourceTree = "<group>"; };
/* End PBXFileReference section */

/* Begin PBXFrameworksBuildPhase section */
		CA7FBD1522F0187400E06655 /* Frameworks */ = {
			isa = PBXFrameworksBuildPhase;
			buildActionMask = 2147483647;
			files = (
			);
			runOnlyForDeploymentPostprocessing = 0;
		};
		CA7FBD2722F0187500E06655 /* Frameworks */ = {
			isa = PBXFrameworksBuildPhase;
			buildActionMask = 2147483647;
			files = (
			);
			runOnlyForDeploymentPostprocessing = 0;
		};
		CA7FBD3222F0187500E06655 /* Frameworks */ = {
			isa = PBXFrameworksBuildPhase;
			buildActionMask = 2147483647;
			files = (
			);
			runOnlyForDeploymentPostprocessing = 0;
		};
/* End PBXFrameworksBuildPhase section */

/* Begin PBXGroup section */
		CA7FBD0F22F0187400E06655 = {
			isa = PBXGroup;
			children = (
				CA7FBD1A22F0187400E06655 /* HelloCocoa */,
				CA7FBD2D22F0187500E06655 /* HelloCocoaTests */,
				CA7FBD3822F0187500E06655 /* HelloCocoaUITests */,
				CA7FBD1922F0187400E06655 /* Products */,
			);
			sourceTree = "<group>";
		};
		CA7FBD1922F0187400E06655 /* Products */ = {
			isa = PBXGroup;
			children = (
				CA7FBD1822F0187400E06655 /* HelloCocoa.app */,
				CA7FBD2A22F0187500E06655 /* HelloCocoaTests.xctest */,
				CA7FBD3522F0187500E06655 /* HelloCocoaUITests.xctest */,
			);
			name = Products;
			sourceTree = "<group>";
		};
		CA7FBD1A22F0187400E06655 /* HelloCocoa */ = {
			isa = PBXGroup;
			children = (
				CA7FBD1B22F0187400E06655 /* AppDelegate.swift */,
				CA7FBD1D22F0187400E06655 /* ViewController.swift */,
				CA7FBD1F22F0187500E06655 /* Assets.xcassets */,
				CA7FBD2122F0187500E06655 /* Main.storyboard */,
				CA7FBD2422F0187500E06655 /* Info.plist */,
				CA7FBD2522F0187500E06655 /* HelloCocoa.entitlements */,
			);
			path = HelloCocoa;
			sourceTree = "<group>";
		};
		CA7FBD2D22F0187500E06655 /* HelloCocoaTests */ = {
			isa = PBXGroup;
			children = (
				CA7FBD2E22F0187500E06655 /* HelloCocoaTests.swift */,
				CA7FBD3022F0187500E06655 /* Info.plist */,
			);
			path = HelloCocoaTests;
			sourceTree = "<group>";
		};
		CA7FBD3822F0187500E06655 /* HelloCocoaUITests */ = {
			isa = PBXGroup;
			children = (
				CA7FBD3922F0187500E06655 /* HelloCocoaUITests.swift */,
				CA7FBD3B22F0187500E06655 /* Info.plist */,
			);
			path = HelloCocoaUITests;
			sourceTree = "<group>";
		};
/* End PBXGroup section */

/* Begin PBXNativeTarget section */
		CA7FBD1722F0187400E06655 /* HelloCocoa */ = {
			isa = PBXNativeTarget;
			buildConfigurationList = CA7FBD3E22F0187500E06655 /* Build configuration list for PBXNativeTarget "HelloCocoa" */;
			buildPhases = (
				CA7FBD1422F0187400E06655 /* Sources */,
				CA7FBD1522F0187400E06655 /* Frameworks */,
				CA7FBD1622F0187400E06655 /* Resources */,
			);
			buildRules = (
			);
			dependencies = (
			);
			name = HelloCocoa;
			productName = HelloCocoa;
			productReference = CA7FBD1822F0187400E06655 /* HelloCocoa.app */;
			productType = "com.apple.product-type.application";
		};
		CA7FBD2922F0187500E06655 /* HelloCocoaTests */ = {
			isa = PBXNativeTarget;
			buildConfigurationList = CA7FBD4122F0187500E06655 /* Build configuration list for PBXNativeTarget "HelloCocoaTests" */;
			buildPhases = (
				CA7FBD2622F0187500E06655 /* Sources */,
				CA7FBD2722F0187500E06655 /* Frameworks */,
				CA7FBD2822F0187500E06655 /* Resources */,
			);
			buildRules = (
			);
			dependencies = (
				CA7FBD2C22F0187500E06655 /* PBXTargetDependency */,
			);
			name = HelloCocoaTests;
			productName = HelloCocoaTests;
			productReference = CA7FBD2A22F0187500E06655 /* HelloCocoaTests.xctest */;
			productType = "com.apple.product-type.bundle.unit-test";
		};
		CA7FBD3422F0187500E06655 /* HelloCocoaUITests */ = {
			isa = PBXNativeTarget;
			buildConfigurationList = CA7FBD4422F0187500E06655 /* Build configuration list for PBXNativeTarget "HelloCocoaUITests" */;
			buildPhases = (
				CA7FBD3122F0187500E06655 /* Sources */,
				CA7FBD3222F0187500E06655 /* Frameworks */,
				CA7FBD3322F0187500E06655 /* Resources */,
			);
			buildRules = (
			);
			dependencies = (
				CA7FBD3722F0187500E06655 /* PBXTargetDependency */,
			);
			name = HelloCocoaUITests;
			productName = HelloCocoaUITests;
			productReference = CA7FBD3522F0187500E06655 /* HelloCocoaUITests.xctest */;
			productType = "com.apple.product-type.bundle.ui-testing";
		};
/* End PBXNativeTarget section */

/* Begin PBXProject section */
		CA7FBD1022F0187400E06655 /* Project object */ = {
			isa = PBXProject;
			attributes = {
				LastSwiftUpdateCheck = 1030;
				LastUpgradeCheck = 1030;
				ORGANIZATIONNAME = tj;
				TargetAttributes = {
					CA7FBD1722F0187400E06655 = {
						CreatedOnToolsVersion = 10.3;
					};
					CA7FBD2922F0187500E06655 = {
						CreatedOnToolsVersion = 10.3;
						TestTargetID = CA7FBD1722F0187400E06655;
					};
					CA7FBD3422F0187500E06655 = {
						CreatedOnToolsVersion = 10.3;
						TestTargetID = CA7FBD1722F0187400E06655;
					};
				};
			};
			buildConfigurationList = CA7FBD1322F0187400E06655 /* Build configuration list for PBXProject "HelloCocoa" */;
			compatibilityVersion = "Xcode 9.3";
			developmentRegion = en;
			hasScannedForEncodings = 0;
			knownRegions = (
				en,
				Base,
			);
			mainGroup = CA7FBD0F22F0187400E06655;
			productRefGroup = CA7FBD1922F0187400E06655 /* Products */;
			projectDirPath = "";
			projectRoot = "";
			targets = (
				CA7FBD1722F0187400E06655 /* HelloCocoa */,
				CA7FBD2922F0187500E06655 /* HelloCocoaTests */,
				CA7FBD3422F0187500E06655 /* HelloCocoaUITests */,
			);
		};
/* End PBXProject section */

/* Begin PBXResourcesBuildPhase section */
		CA7FBD1622F0187400E06655 /* Resources */ = {
			isa = PBXResourcesBuildPhase;
			buildActionMask = 2147483647;
			files = (
				CA7FBD2022F0187500E06655 /* Assets.xcassets in Resources */,
				CA7FBD2322F0187500E06655 /* Main.storyboard in Resources */,
			);
			runOnlyForDeploymentPostprocessing = 0;
		};
		CA7FBD2822F0187500E06655 /* Resources */ = {
			isa = PBXResourcesBuildPhase;
			buildActionMask = 2147483647;
			files = (
			);
			runOnlyForDeploymentPostprocessing = 0;
		};
		CA7FBD3322F0187500E06655 /* Resources */ = {
			isa = PBXResourcesBuildPhase;
			buildActionMask = 2147483647;
			files = (
			);
			runOnlyForDeploymentPostprocessing = 0;
		};
/* End PBXResourcesBuildPhase section */

/* Begin PBXSourcesBuildPhase section */
		CA7FBD1422F0187400E06655 /* Sources */ = {
			isa = PBXSourcesBuildPhase;
			buildActionMask = 2147483647;
			files = (
				CA7FBD1E22F0187400E06655 /* ViewController.swift in Sources */,
				CA7FBD1C22F0187400E06655 /* AppDelegate.swift in Sources */,
			);
			runOnlyForDeploymentPostprocessing = 0;
		};
		CA7FBD2622F0187500E06655 /* Sources */ = {
			isa = PBXSourcesBuildPhase;
			buildActionMask = 2147483647;
			files = (
				CA7FBD2F22F0187500E06655 /* HelloCocoaTests.swift in Sources */,
			);
			runOnlyForDeploymentPostprocessing = 0;
		};
		CA7FBD3122F0187500E06655 /* Sources */ = {
			isa = PBXSourcesBuildPhase;
			buildActionMask = 2147483647;
			files = (
				CA7FBD3A22F0187500E06655 /* HelloCocoaUITests.swift in Sources */,
			);
			runOnlyForDeploymentPostprocessing = 0;
		};
/* End PBXSourcesBuildPhase section */

/* Begin PBXTargetDependency section */
		CA7FBD2C22F0187500E06655 /* PBXTargetDependency */ = {
			isa = PBXTargetDependency;
			target = CA7FBD1722F0187400E06655 /* HelloCocoa */;
			targetProxy = CA7FBD2B22F0187500E06655 /* PBXContainerItemProxy */;
		};
		CA7FBD3722F0187500E06655 /* PBXTargetDependency */ = {
			isa = PBXTargetDependency;
			target = CA7FBD1722F0187400E06655 /* HelloCocoa */;
			targetProxy = CA7FBD3622F0187500E06655 /* PBXContainerItemProxy */;
		};
/* End PBXTargetDependency section */

/* Begin PBXVariantGroup section */
		CA7FBD2122F0187500E06655 /* Main.storyboard */ = {
			isa = PBXVariantGroup;
			children = (
				CA7FBD2222F0187500E06655 /* Base */,
			);
			name = Main.storyboard;
			sourceTree = "<group>";
		};
/* End PBXVariantGroup section */

/* Begin XCBuildConfiguration section */
		CA7FBD3C22F0187500E06655 /* Debug */ = {
			isa = XCBuildConfiguration;
			buildSettings = {
				ALWAYS_SEARCH_USER_PATHS = NO;
				CLANG_ANALYZER_NONNULL = YES;
				CLANG_ANALYZER_NUMBER_OBJECT_CONVERSION = YES_AGGRESSIVE;
				CLANG_CXX_LANGUAGE_STANDARD = "gnu++14";
				CLANG_CXX_LIBRARY = "libc++";
				CLANG_ENABLE_MODULES = YES;
				CLANG_ENABLE_OBJC_ARC = YES;
				CLANG_ENABLE_OBJC_WEAK = YES;
				CLANG_WARN_BLOCK_CAPTURE_AUTORELEASING = YES;
				CLANG_WARN_BOOL_CONVERSION = YES;
				CLANG_WARN_COMMA = YES;
				CLANG_WARN_CONSTANT_CONVERSION = YES;
				CLANG_WARN_DEPRECATED_OBJC_IMPLEMENTATIONS = YES;
				CLANG_WARN_DIRECT_OBJC_ISA_USAGE = YES_ERROR;
				CLANG_WARN_DOCUMENTATION_COMMENTS = YES;
				CLANG_WARN_EMPTY_BODY = YES;
				CLANG_WARN_ENUM_CONVERSION = YES;
				CLANG_WARN_INFINITE_RECURSION = YES;
				CLANG_WARN_INT_CONVERSION = YES;
				CLANG_WARN_NON_LITERAL_NULL_CONVERSION = YES;
				CLANG_WARN_OBJC_IMPLICIT_RETAIN_SELF = YES;
				CLANG_WARN_OBJC_LITERAL_CONVERSION = YES;
				CLANG_WARN_OBJC_ROOT_CLASS = YES_ERROR;
				CLANG_WARN_RANGE_LOOP_ANALYSIS = YES;
				CLANG_WARN_STRICT_PROTOTYPES = YES;
				CLANG_WARN_SUSPICIOUS_MOVE = YES;
				CLANG_WARN_UNGUARDED_AVAILABILITY = YES_AGGRESSIVE;
				CLANG_WARN_UNREACHABLE_CODE = YES;
				CLANG_WARN__DUPLICATE_METHOD_MATCH = YES;
				CODE_SIGN_IDENTITY = "Mac Developer";
				COPY_PHASE_STRIP = NO;
				DEBUG_INFORMATION_FORMAT = dwarf;
				ENABLE_STRICT_OBJC_MSGSEND = YES;
				ENABLE_TESTABILITY = YES;
				GCC_C_LANGUAGE_STANDARD = gnu11;
				GCC_DYNAMIC_NO_PIC = NO;
				GCC_NO_COMMON_BLOCKS = YES;
				GCC_OPTIMIZATION_LEVEL = 0;
				GCC_PREPROCESSOR_DEFINITIONS = (
					"DEBUG=1",
					"$(inherited)",
				);
				GCC_WARN_64_TO_32_BIT_CONVERSION = YES;
				GCC_WARN_ABOUT_RETURN_TYPE = YES_ERROR;
				GCC_WARN_UNDECLARED_SELECTOR = YES;
				GCC_WARN_UNINITIALIZED_AUTOS = YES_AGGRESSIVE;
				GCC_WARN_UNUSED_FUNCTION = YES;
				GCC_WARN_UNUSED_VARIABLE = YES;
				MACOSX_DEPLOYMENT_TARGET = 10.14;
				MTL_ENABLE_DEBUG_INFO = INCLUDE_SOURCE;
				MTL_FAST_MATH = YES;
				ONLY_ACTIVE_ARCH = YES;
				SDKROOT = macosx;
				SWIFT_ACTIVE_COMPILATION_CONDITIONS = DEBUG;
				SWIFT_OPTIMIZATION_LEVEL = "-Onone";
			};
			name = Debug;
		};
		CA7FBD3D22F0187500E06655 /* Release */ = {
			isa = XCBuildConfiguration;
			buildSettings = {
				ALWAYS_SEARCH_USER_PATHS = NO;
				CLANG_ANALYZER_NONNULL = YES;
				CLANG_ANALYZER_NUMBER_OBJECT_CONVERSION = YES_AGGRESSIVE;
				CLANG_CXX_LANGUAGE_STANDARD = "gnu++14";
				CLANG_CXX_LIBRARY = "libc++";
				CLANG_ENABLE_MODULES = YES;
				CLANG_ENABLE_OBJC_ARC = YES;
				CLANG_ENABLE_OBJC_WEAK = YES;
				CLANG_WARN_BLOCK_CAPTURE_AUTORELEASING = YES;
				CLANG_WARN_BOOL_CONVERSION = YES;
				CLANG_WARN_COMMA = YES;
				CLANG_WARN_CONSTANT_CONVERSION = YES;
				CLANG_WARN_DEPRECATED_OBJC_IMPLEMENTATIONS = YES;
				CLANG_WARN_DIRECT_OBJC_ISA_USAGE = YES_ERROR;
				CLANG_WARN_DOCUMENTATION_COMMENTS = YES;
				CLANG_WARN_EMPTY_BODY = YES;
				CLANG_WARN_ENUM_CONVERSION = YES;
				CLANG_WARN_INFINITE_RECURSION = YES;
				CLANG_WARN_INT_CONVERSION = YES;
				CLANG_WARN_NON_LITERAL_NULL_CONVERSION = YES;
				CLANG_WARN_OBJC_IMPLICIT_RETAIN_SELF = YES;
				CLANG_WARN_OBJC_LITERAL_CONVERSION = YES;
				CLANG_WARN_OBJC_ROOT_CLASS = YES_ERROR;
				CLANG_WARN_RANGE_LOOP_ANALYSIS = YES;
				CLANG_WARN_STRICT_PROTOTYPES = YES;
				CLANG_WARN_SUSPICIOUS_MOVE = YES;
				CLANG_WARN_UNGUARDED_AVAILABILITY = YES_AGGRESSIVE;
				CLANG_WARN_UNREACHABLE_CODE = YES;
				CLANG_WARN__DUPLICATE_METHOD_MATCH = YES;
				CODE_SIGN_IDENTITY = "Mac Developer";
				COPY_PHASE_STRIP = NO;
				DEBUG_INFORMATION_FORMAT = "dwarf-with-dsym";
				ENABLE_NS_ASSERTIONS = NO;
				ENABLE_STRICT_OBJC_MSGSEND = YES;
				GCC_C_LANGUAGE_STANDARD = gnu11;
				GCC_NO_COMMON_BLOCKS = YES;
				GCC_WARN_64_TO_32_BIT_CONVERSION = YES;
				GCC_WARN_ABOUT_RETURN_TYPE = YES_ERROR;
				GCC_WARN_UNDECLARED_SELECTOR = YES;
				GCC_WARN_UNINITIALIZED_AUTOS = YES_AGGRESSIVE;
				GCC_WARN_UNUSED_FUNCTION = YES;
				GCC_WARN_UNUSED_VARIABLE = YES;
				MACOSX_DEPLOYMENT_TARGET = 10.14;
				MTL_ENABLE_DEBUG_INFO = NO;
				MTL_FAST_MATH = YES;
				SDKROOT = macosx;
				SWIFT_COMPILATION_MODE = wholemodule;
				SWIFT_OPTIMIZATION_LEVEL = "-O";
			};
			name = Release;
		};
		CA7FBD3F22F0187500E06655 /* Debug */ = {
			isa = XCBuildConfiguration;
			buildSettings = {
				ASSETCATALOG_COMPILER_APPICON_NAME = AppIcon;
				CODE_SIGN_ENTITLEMENTS = HelloCocoa/HelloCocoa.entitlements;
				CODE_SIGN_STYLE = Automatic;
				COMBINE_HIDPI_IMAGES = YES;
				DEVELOPMENT_TEAM = LMNL8REWQ7;
				INFOPLIST_FILE = HelloCocoa/Info.plist;
				LD_RUNPATH_SEARCH_PATHS = (
					"$(inherited)",
					"@executable_path/../Frameworks",
				);
				PRODUCT_BUNDLE_IDENTIFIER = com.tj.HelloCocoa;
				PRODUCT_NAME = "$(TARGET_NAME)";
				SWIFT_VERSION = 5.0;
			};
			name = Debug;
		};
		CA7FBD4022F0187500E06655 /* Release */ = {
			isa = XCBuildConfiguration;
			buildSettings = {
				ASSETCATALOG_COMPILER_APPICON_NAME = AppIcon;
				CODE_SIGN_ENTITLEMENTS = HelloCocoa/HelloCocoa.entitlements;
				CODE_SIGN_STYLE = Automatic;
				COMBINE_HIDPI_IMAGES = YES;
				DEVELOPMENT_TEAM = LMNL8REWQ7;
				INFOPLIST_FILE = HelloCocoa/Info.plist;
				LD_RUNPATH_SEARCH_PATHS = (
					"$(inherited)",
					"@executable_path/../Frameworks",
				);
				PRODUCT_BUNDLE_IDENTIFIER = com.tj.HelloCocoa;
				PRODUCT_NAME = "$(TARGET_NAME)";
				SWIFT_VERSION = 5.0;
			};
			name = Release;
		};
		CA7FBD4222F0187500E06655 /* Debug */ = {
			isa = XCBuildConfiguration;
			buildSettings = {
				ALWAYS_EMBED_SWIFT_STANDARD_LIBRARIES = YES;
				BUNDLE_LOADER = "$(TEST_HOST)";
				CODE_SIGN_STYLE = Automatic;
				COMBINE_HIDPI_IMAGES = YES;
				DEVELOPMENT_TEAM = LMNL8REWQ7;
				INFOPLIST_FILE = HelloCocoaTests/Info.plist;
				LD_RUNPATH_SEARCH_PATHS = (
					"$(inherited)",
					"@executable_path/../Frameworks",
					"@loader_path/../Frameworks",
				);
				PRODUCT_BUNDLE_IDENTIFIER = com.tj.HelloCocoaTests;
				PRODUCT_NAME = "$(TARGET_NAME)";
				SWIFT_VERSION = 5.0;
				TEST_HOST = "$(BUILT_PRODUCTS_DIR)/HelloCocoa.app/Contents/MacOS/HelloCocoa";
			};
			name = Debug;
		};
		CA7FBD4322F0187500E06655 /* Release */ = {
			isa = XCBuildConfiguration;
			buildSettings = {
				ALWAYS_EMBED_SWIFT_STANDARD_LIBRARIES = YES;
				BUNDLE_LOADER = "$(TEST_HOST)";
				CODE_SIGN_STYLE = Automatic;
				COMBINE_HIDPI_IMAGES = YES;
				DEVELOPMENT_TEAM = LMNL8REWQ7;
				INFOPLIST_FILE = HelloCocoaTests/Info.plist;
				LD_RUNPATH_SEARCH_PATHS = (
					"$(inherited)",
					"@executable_path/../Frameworks",
					"@loader_path/../Frameworks",
				);
				PRODUCT_BUNDLE_IDENTIFIER = com.tj.HelloCocoaTests;
				PRODUCT_NAME = "$(TARGET_NAME)";
				SWIFT_VERSION = 5.0;
				TEST_HOST = "$(BUILT_PRODUCTS_DIR)/HelloCocoa.app/Contents/MacOS/HelloCocoa";
			};
			name = Release;
		};
		CA7FBD4522F0187500E06655 /* Debug */ = {
			isa = XCBuildConfiguration;
			buildSettings = {
				ALWAYS_EMBED_SWIFT_STANDARD_LIBRARIES = YES;
				CODE_SIGN_STYLE = Automatic;
				COMBINE_HIDPI_IMAGES = YES;
				DEVELOPMENT_TEAM = LMNL8REWQ7;
				INFOPLIST_FILE = HelloCocoaUITests/Info.plist;
				LD_RUNPATH_SEARCH_PATHS = (
					"$(inherited)",
					"@executable_path/../Frameworks",
					"@loader_path/../Frameworks",
				);
				PRODUCT_BUNDLE_IDENTIFIER = com.tj.HelloCocoaUITests;
				PRODUCT_NAME = "$(TARGET_NAME)";
				SWIFT_VERSION = 5.0;
				TEST_TARGET_NAME = HelloCocoa;
			};
			name = Debug;
		};
		CA7FBD4622F0187500E06655 /* Release */ = {
			isa = XCBuildConfiguration;
			buildSettings = {
				ALWAYS_EMBED_SWIFT_STANDARD_LIBRARIES = YES;
				CODE_SIGN_STYLE = Automatic;
				COMBINE_HIDPI_IMAGES = YES;
				DEVELOPMENT_TEAM = LMNL8REWQ7;
				INFOPLIST_FILE = HelloCocoaUITests/Info.plist;
				LD_RUNPATH_SEARCH_PATHS = (
					"$(inherited)",
					"@executable_path/../Frameworks",
					"@loader_path/../Frameworks",
				);
				PRODUCT_BUNDLE_IDENTIFIER = com.tj.HelloCocoaUITests;
				PRODUCT_NAME = "$(TARGET_NAME)";
				SWIFT_VERSION = 5.0;
				TEST_TARGET_NAME = HelloCocoa;
			};
			name = Release;
		};
/* End XCBuildConfiguration section */

/* Begin XCConfigurationList section */
		CA7FBD1322F0187400E06655 /* Build configuration list for PBXProject "HelloCocoa" */ = {
			isa = XCConfigurationList;
			buildConfigurations = (
				CA7FBD3C22F0187500E06655 /* Debug */,
				CA7FBD3D22F0187500E06655 /* Release */,
			);
			defaultConfigurationIsVisible = 0;
			defaultConfigurationName = Release;
		};
		CA7FBD3E22F0187500E06655 /* Build configuration list for PBXNativeTarget "HelloCocoa" */ = {
			isa = XCConfigurationList;
			buildConfigurations = (
				CA7FBD3F22F0187500E06655 /* Debug */,
				CA7FBD4022F0187500E06655 /* Release */,
			);
			defaultConfigurationIsVisible = 0;
			defaultConfigurationName = Release;
		};
		CA7FBD4122F0187500E06655 /* Build configuration list for PBXNativeTarget "HelloCocoaTests" */ = {
			isa = XCConfigurationList;
			buildConfigurations = (
				CA7FBD4222F0187500E06655 /* Debug */,
				CA7FBD4322F0187500E06655 /* Release */,
			);
			defaultConfigurationIsVisible = 0;
			defaultConfigurationName = Release;
		};
		CA7FBD4422F0187500E06655 /* Build configuration list for PBXNativeTarget "HelloCocoaUITests" */ = {
			isa = XCConfigurationList;
			buildConfigurations = (
				CA7FBD4522F0187500E06655 /* Debug */,
				CA7FBD4622F0187500E06655 /* Release */,
			);
			defaultConfigurationIsVisible = 0;
			defaultConfigurationName = Release;
		};
/* End XCConfigurationList section */
	};
	rootObject = CA7FBD1022F0187400E06655 /* Project object */;
}
