{
  "object": {
    "pins": [
      {
        "package": "RediStack",
        "repositoryURL": "https://gitlab.com/mordil/RediStack.git",
        "state": {
          "branch": "master",
          "revision": "8ff8b03907ca0ff9d9f1778c932dbb0ae6884bd9",
          "version": null
        }
      },
      {
        "package": "swift-atomics",
        "repositoryURL": "https://github.com/apple/swift-atomics",
        "state": {
          "branch": null,
          "revision": "919eb1d83e02121cdb434c7bfc1f0c66ef17febe",
          "version": "1.0.2"
        }
      },
      {
        "package": "swift-log",
        "repositoryURL": "https://github.com/apple/swift-log.git",
        "state": {
          "branch": null,
          "revision": "5d66f7ba25daf4f94100e7022febf3c75e37a6c7",
          "version": "1.4.2"
        }
      },
      {
        "package": "swift-metrics",
        "repositoryURL": "https://github.com/apple/swift-metrics.git",
        "state": {
          "branch": null,
          "revision": "3edd2f57afc4e68e23c3e4956bc8b65ca6b5b2ff",
          "version": "2.2.0"
        }
      },
      {
        "package": "swift-nio",
        "repositoryURL": "https://github.com/apple/swift-nio.git",
        "state": {
          "branch": null,
          "revision": "51c3fc2e4a0fcdf4a25089b288dd65b73df1b0ef",
          "version": "2.37.0"
        }
      },
      {
        "package": "swift-service-discovery",
        "repositoryURL": "https://github.com/apple/swift-service-discovery",
        "state": {
          "branch": null,
          "revision": "c83afedb1c95ef0111907cd6e2fd03d7175cc0d0",
          "version": "1.2.0"
        }
      }
    ]
  },
  "version": 1
}
