
Microsoft Visual Studio Solution File, Format Version 12.00
# Visual Studio Version 17
VisualStudioVersion = 17.6.33829.357
MinimumVisualStudioVersion = 10.0.40219.1
Project("{9A19103F-16F7-4668-BE54-9A1E7A4F7556}") = "JokeService", "JokeService.csproj", "{83FC829C-400B-453A-A179-5D889E502AB7}"
EndProject
Project("{54435603-DBB4-11D2-8724-00A0C9A8B90C}") = "App.WindowsService.Installer", "App.WindowsService.Installer\App.WindowsService.Installer.vdproj", "{C4722194-5E1B-4AA5-A479-FB04664E818E}"
EndProject
Global
	GlobalSection(SolutionConfigurationPlatforms) = preSolution
		Debug|Any CPU = Debug|Any CPU
		Release|Any CPU = Release|Any CPU
	EndGlobalSection
	GlobalSection(ProjectConfigurationPlatforms) = postSolution
		{83FC829C-400B-453A-A179-5D889E502AB7}.Debug|Any CPU.ActiveCfg = Debug|Any CPU
		{83FC829C-400B-453A-A179-5D889E502AB7}.Debug|Any CPU.Build.0 = Debug|Any CPU
		{83FC829C-400B-453A-A179-5D889E502AB7}.Release|Any CPU.ActiveCfg = Release|Any CPU
		{83FC829C-400B-453A-A179-5D889E502AB7}.Release|Any CPU.Build.0 = Release|Any CPU
		{C4722194-5E1B-4AA5-A479-FB04664E818E}.Debug|Any CPU.ActiveCfg = Debug
		{C4722194-5E1B-4AA5-A479-FB04664E818E}.Release|Any CPU.ActiveCfg = Release
	EndGlobalSection
	GlobalSection(SolutionProperties) = preSolution
		HideSolutionNode = FALSE
	EndGlobalSection
	GlobalSection(ExtensibilityGlobals) = postSolution
		SolutionGuid = {5B51E3B1-E354-4963-82EA-86CD79B1E462}
	EndGlobalSection
EndGlobal
