<?xml version="1.0" encoding="utf-8"?>
<Project ToolsVersion="4.0" xmlns="http://schemas.microsoft.com/developer/msbuild/2003">
  <ItemGroup>
    <Filter Include="공용">
      <UniqueIdentifier>a60647a3-3761-41c8-b658-cc42d534e43e</UniqueIdentifier>
    </Filter>
    <Filter Include="자산">
      <UniqueIdentifier>07ec5778-3d72-4ff7-a4ba-bef627f1f605</UniqueIdentifier>
      <Extensions>bmp;fbx;gif;jpg;jpeg;tga;tiff;tif;png</Extensions>
    </Filter>
    <Filter Include="내용">
      <UniqueIdentifier>5af8226c-a3e5-44a0-9ca1-424fc378a001</UniqueIdentifier>
    </Filter>
    <ClInclude Include="Common\d3dx12.h">
      <Filter>공용</Filter>
    </ClInclude>
    <ClInclude Include="Common\DirectXHelper.h">
      <Filter>공용</Filter>
    </ClInclude>
    <ClInclude Include="Common\StepTimer.h">
      <Filter>공용</Filter>
    </ClInclude>
    <ClInclude Include="Common\DeviceResources.h">
      <Filter>공용</Filter>
    </ClInclude>
    <ClCompile Include="Common\DeviceResources.cpp">
      <Filter>공용</Filter>
    </ClCompile>
    <ClInclude Include="Content\Sample3DSceneRenderer.h">
      <Filter>내용</Filter>
    </ClInclude>
    <ClInclude Include="Content\ShaderStructures.h">
      <Filter>내용</Filter>
    </ClInclude>
    <ClCompile Include="Content\Sample3DSceneRenderer.cpp">
      <Filter>내용</Filter>
    </ClCompile>
    <FxCompile Include="Content\SamplePixelShader.hlsl">
      <Filter>내용</Filter>
    </FxCompile>
    <FxCompile Include="Content\SampleVertexShader.hlsl">
      <Filter>내용</Filter>
    </FxCompile>
    <Image Include="Assets\LockScreenLogo.scale-200.png">
      <Filter>자산</Filter>
    </Image>
    <Image Include="Assets\SplashScreen.scale-200.png">
      <Filter>자산</Filter>
    </Image>
    <Image Include="Assets\Square150x150Logo.scale-200.png">
      <Filter>자산</Filter>
    </Image>
    <Image Include="Assets\Square44x44Logo.scale-200.png">
      <Filter>자산</Filter>
    </Image>
    <Image Include="Assets\Square44x44Logo.targetsize-24_altform-unplated.png">
      <Filter>자산</Filter>
    </Image>
    <Image Include="Assets\StoreLogo.png">
      <Filter>자산</Filter>
    </Image>
    <Image Include="Assets\Wide310x150Logo.scale-200.png">
      <Filter>자산</Filter>
    </Image>
  </ItemGroup>
</Project>