
Microsoft Visual Studio Solution File, Format Version 12.00
# Visual Studio Version 17
VisualStudioVersion = 17.7.34202.233
MinimumVisualStudioVersion = 10.0.40219.1
Project("{FAE04EC0-301F-11D3-BF4B-00C04F79EFBC}") = "PictureViewer", "PictureViewer.csproj", "{A8A4D39D-78CB-462F-8750-385C4B86F441}"
EndProject
Global
	GlobalSection(SolutionConfigurationPlatforms) = preSolution
		Debug|Any CPU = Debug|Any CPU
		Release|Any CPU = Release|Any CPU
	EndGlobalSection
	GlobalSection(ProjectConfigurationPlatforms) = postSolution
		{A8A4D39D-78CB-462F-8750-385C4B86F441}.Debug|Any CPU.ActiveCfg = Debug|Any CPU
		{A8A4D39D-78CB-462F-8750-385C4B86F441}.Debug|Any CPU.Build.0 = Debug|Any CPU
		{A8A4D39D-78CB-462F-8750-385C4B86F441}.Release|Any CPU.ActiveCfg = Release|Any CPU
		{A8A4D39D-78CB-462F-8750-385C4B86F441}.Release|Any CPU.Build.0 = Release|Any CPU
	EndGlobalSection
	GlobalSection(SolutionProperties) = preSolution
		HideSolutionNode = FALSE
	EndGlobalSection
	GlobalSection(ExtensibilityGlobals) = postSolution
		SolutionGuid = {B5B50A45-8250-4051-AE03-1070BEB3E668}
	EndGlobalSection
EndGlobal
