// !$*UTF8*$!
{
	archiveVersion = 1;
	classes = {
	};
	objectVersion = 50;
	objects = {

/* Begin PBXBuildFile section */
		0A647D2EEF7726AE346E836D /* Pods_GoogleMapsExampleObjcUITests.framework in Frameworks */ = {isa = PBXBuildFile; fileRef = E21EAFBF95905821BBD1B776 /* Pods_GoogleMapsExampleObjcUITests.framework */; };
		8F1B7CBDB283E2065A4367CD /* Pods_GoogleMapsExampleObjc.framework in Frameworks */ = {isa = PBXBuildFile; fileRef = 5598B0719CD26F1FF894E2FA /* Pods_GoogleMapsExampleObjc.framework */; };
		CA61C00722D3022C00192F1E /* AppDelegate.m in Sources */ = {isa = PBXBuildFile; fileRef = CA61C00622D3022C00192F1E /* AppDelegate.m */; };
		CA61C00A22D3022C00192F1E /* ViewController.m in Sources */ = {isa = PBXBuildFile; fileRef = CA61C00922D3022C00192F1E /* ViewController.m */; };
		CA61C00D22D3022C00192F1E /* Main.storyboard in Resources */ = {isa = PBXBuildFile; fileRef = CA61C00B22D3022C00192F1E /* Main.storyboard */; };
		CA61C00F22D3022D00192F1E /* Assets.xcassets in Resources */ = {isa = PBXBuildFile; fileRef = CA61C00E22D3022D00192F1E /* Assets.xcassets */; };
		CA61C01222D3022D00192F1E /* LaunchScreen.storyboard in Resources */ = {isa = PBXBuildFile; fileRef = CA61C01022D3022D00192F1E /* LaunchScreen.storyboard */; };
		CA61C01522D3022D00192F1E /* main.m in Sources */ = {isa = PBXBuildFile; fileRef = CA61C01422D3022D00192F1E /* main.m */; };
		CA61C01F22D3022D00192F1E /* GoogleMapsExampleObjcTests.m in Sources */ = {isa = PBXBuildFile; fileRef = CA61C01E22D3022D00192F1E /* GoogleMapsExampleObjcTests.m */; };
		CA61C02A22D3022D00192F1E /* GoogleMapsExampleObjcUITests.m in Sources */ = {isa = PBXBuildFile; fileRef = CA61C02922D3022D00192F1E /* GoogleMapsExampleObjcUITests.m */; };
		F94C47BD7FF343AF570FFF06 /* Pods_GoogleMapsExampleObjcTests.framework in Frameworks */ = {isa = PBXBuildFile; fileRef = A4B3053B271FC6172DD5B988 /* Pods_GoogleMapsExampleObjcTests.framework */; };
/* End PBXBuildFile section */

/* Begin PBXContainerItemProxy section */
		CA61C01B22D3022D00192F1E /* PBXContainerItemProxy */ = {
			isa = PBXContainerItemProxy;
			containerPortal = CA61BFFA22D3022C00192F1E /* Project object */;
			proxyType = 1;
			remoteGlobalIDString = CA61C00122D3022C00192F1E;
			remoteInfo = GoogleMapsExampleObjc;
		};
		CA61C02622D3022D00192F1E /* PBXContainerItemProxy */ = {
			isa = PBXContainerItemProxy;
			containerPortal = CA61BFFA22D3022C00192F1E /* Project object */;
			proxyType = 1;
			remoteGlobalIDString = CA61C00122D3022C00192F1E;
			remoteInfo = GoogleMapsExampleObjc;
		};
/* End PBXContainerItemProxy section */

/* Begin PBXFileReference section */
		0262C1D3CF1E0A1B2C5452D5 /* Pods-GoogleMapsExampleObjcTests.release.xcconfig */ = {isa = PBXFileReference; includeInIndex = 1; lastKnownFileType = text.xcconfig; name = "Pods-GoogleMapsExampleObjcTests.release.xcconfig"; path = "Target Support Files/Pods-GoogleMapsExampleObjcTests/Pods-GoogleMapsExampleObjcTests.release.xcconfig"; sourceTree = "<group>"; };
		20E34A4E87A94AC80A0034A4 /* Pods-GoogleMapsExampleObjcUITests.debug.xcconfig */ = {isa = PBXFileReference; includeInIndex = 1; lastKnownFileType = text.xcconfig; name = "Pods-GoogleMapsExampleObjcUITests.debug.xcconfig"; path = "Target Support Files/Pods-GoogleMapsExampleObjcUITests/Pods-GoogleMapsExampleObjcUITests.debug.xcconfig"; sourceTree = "<group>"; };
		3BE2006A051FE4BD2E4B9B5F /* Pods-GoogleMapsExampleObjcTests.debug.xcconfig */ = {isa = PBXFileReference; includeInIndex = 1; lastKnownFileType = text.xcconfig; name = "Pods-GoogleMapsExampleObjcTests.debug.xcconfig"; path = "Target Support Files/Pods-GoogleMapsExampleObjcTests/Pods-GoogleMapsExampleObjcTests.debug.xcconfig"; sourceTree = "<group>"; };
		5598B0719CD26F1FF894E2FA /* Pods_GoogleMapsExampleObjc.framework */ = {isa = PBXFileReference; explicitFileType = wrapper.framework; includeInIndex = 0; path = Pods_GoogleMapsExampleObjc.framework; sourceTree = BUILT_PRODUCTS_DIR; };
		699213C26E7727B66CF08138 /* Pods-GoogleMapsExampleObjcUITests.release.xcconfig */ = {isa = PBXFileReference; includeInIndex = 1; lastKnownFileType = text.xcconfig; name = "Pods-GoogleMapsExampleObjcUITests.release.xcconfig"; path = "Target Support Files/Pods-GoogleMapsExampleObjcUITests/Pods-GoogleMapsExampleObjcUITests.release.xcconfig"; sourceTree = "<group>"; };
		8F3CF83CD175F32D1D4B50BF /* Pods-GoogleMapsExampleObjc.debug.xcconfig */ = {isa = PBXFileReference; includeInIndex = 1; lastKnownFileType = text.xcconfig; name = "Pods-GoogleMapsExampleObjc.debug.xcconfig"; path = "Target Support Files/Pods-GoogleMapsExampleObjc/Pods-GoogleMapsExampleObjc.debug.xcconfig"; sourceTree = "<group>"; };
		A4B3053B271FC6172DD5B988 /* Pods_GoogleMapsExampleObjcTests.framework */ = {isa = PBXFileReference; explicitFileType = wrapper.framework; includeInIndex = 0; path = Pods_GoogleMapsExampleObjcTests.framework; sourceTree = BUILT_PRODUCTS_DIR; };
		CA61C00222D3022C00192F1E /* GoogleMapsExampleObjc.app */ = {isa = PBXFileReference; explicitFileType = wrapper.application; includeInIndex = 0; path = GoogleMapsExampleObjc.app; sourceTree = BUILT_PRODUCTS_DIR; };
		CA61C00522D3022C00192F1E /* AppDelegate.h */ = {isa = PBXFileReference; lastKnownFileType = sourcecode.c.h; path = AppDelegate.h; sourceTree = "<group>"; };
		CA61C00622D3022C00192F1E /* AppDelegate.m */ = {isa = PBXFileReference; lastKnownFileType = sourcecode.c.objc; path = AppDelegate.m; sourceTree = "<group>"; };
		CA61C00822D3022C00192F1E /* ViewController.h */ = {isa = PBXFileReference; lastKnownFileType = sourcecode.c.h; path = ViewController.h; sourceTree = "<group>"; };
		CA61C00922D3022C00192F1E /* ViewController.m */ = {isa = PBXFileReference; lastKnownFileType = sourcecode.c.objc; path = ViewController.m; sourceTree = "<group>"; };
		CA61C00C22D3022C00192F1E /* Base */ = {isa = PBXFileReference; lastKnownFileType = file.storyboard; name = Base; path = Base.lproj/Main.storyboard; sourceTree = "<group>"; };
		CA61C00E22D3022D00192F1E /* Assets.xcassets */ = {isa = PBXFileReference; lastKnownFileType = folder.assetcatalog; path = Assets.xcassets; sourceTree = "<group>"; };
		CA61C01122D3022D00192F1E /* Base */ = {isa = PBXFileReference; lastKnownFileType = file.storyboard; name = Base; path = Base.lproj/LaunchScreen.storyboard; sourceTree = "<group>"; };
		CA61C01322D3022D00192F1E /* Info.plist */ = {isa = PBXFileReference; lastKnownFileType = text.plist.xml; path = Info.plist; sourceTree = "<group>"; };
		CA61C01422D3022D00192F1E /* main.m */ = {isa = PBXFileReference; lastKnownFileType = sourcecode.c.objc; path = main.m; sourceTree = "<group>"; };
		CA61C01A22D3022D00192F1E /* GoogleMapsExampleObjcTests.xctest */ = {isa = PBXFileReference; explicitFileType = wrapper.cfbundle; includeInIndex = 0; path = GoogleMapsExampleObjcTests.xctest; sourceTree = BUILT_PRODUCTS_DIR; };
		CA61C01E22D3022D00192F1E /* GoogleMapsExampleObjcTests.m */ = {isa = PBXFileReference; lastKnownFileType = sourcecode.c.objc; path = GoogleMapsExampleObjcTests.m; sourceTree = "<group>"; };
		CA61C02022D3022D00192F1E /* Info.plist */ = {isa = PBXFileReference; lastKnownFileType = text.plist.xml; path = Info.plist; sourceTree = "<group>"; };
		CA61C02522D3022D00192F1E /* GoogleMapsExampleObjcUITests.xctest */ = {isa = PBXFileReference; explicitFileType = wrapper.cfbundle; includeInIndex = 0; path = GoogleMapsExampleObjcUITests.xctest; sourceTree = BUILT_PRODUCTS_DIR; };
		CA61C02922D3022D00192F1E /* GoogleMapsExampleObjcUITests.m */ = {isa = PBXFileReference; lastKnownFileType = sourcecode.c.objc; path = GoogleMapsExampleObjcUITests.m; sourceTree = "<group>"; };
		CA61C02B22D3022D00192F1E /* Info.plist */ = {isa = PBXFileReference; lastKnownFileType = text.plist.xml; path = Info.plist; sourceTree = "<group>"; };
		E21EAFBF95905821BBD1B776 /* Pods_GoogleMapsExampleObjcUITests.framework */ = {isa = PBXFileReference; explicitFileType = wrapper.framework; includeInIndex = 0; path = Pods_GoogleMapsExampleObjcUITests.framework; sourceTree = BUILT_PRODUCTS_DIR; };
		FF8E74C6EED289ABDF058B5A /* Pods-GoogleMapsExampleObjc.release.xcconfig */ = {isa = PBXFileReference; includeInIndex = 1; lastKnownFileType = text.xcconfig; name = "Pods-GoogleMapsExampleObjc.release.xcconfig"; path = "Target Support Files/Pods-GoogleMapsExampleObjc/Pods-GoogleMapsExampleObjc.release.xcconfig"; sourceTree = "<group>"; };
/* End PBXFileReference section */

/* Begin PBXFrameworksBuildPhase section */
		CA61BFFF22D3022C00192F1E /* Frameworks */ = {
			isa = PBXFrameworksBuildPhase;
			buildActionMask = 2147483647;
			files = (
				8F1B7CBDB283E2065A4367CD /* Pods_GoogleMapsExampleObjc.framework in Frameworks */,
			);
			runOnlyForDeploymentPostprocessing = 0;
		};
		CA61C01722D3022D00192F1E /* Frameworks */ = {
			isa = PBXFrameworksBuildPhase;
			buildActionMask = 2147483647;
			files = (
				F94C47BD7FF343AF570FFF06 /* Pods_GoogleMapsExampleObjcTests.framework in Frameworks */,
			);
			runOnlyForDeploymentPostprocessing = 0;
		};
		CA61C02222D3022D00192F1E /* Frameworks */ = {
			isa = PBXFrameworksBuildPhase;
			buildActionMask = 2147483647;
			files = (
				0A647D2EEF7726AE346E836D /* Pods_GoogleMapsExampleObjcUITests.framework in Frameworks */,
			);
			runOnlyForDeploymentPostprocessing = 0;
		};
/* End PBXFrameworksBuildPhase section */

/* Begin PBXGroup section */
		CA61BFF922D3022C00192F1E = {
			isa = PBXGroup;
			children = (
				CA61C00422D3022C00192F1E /* GoogleMapsExampleObjc */,
				CA61C01D22D3022D00192F1E /* GoogleMapsExampleObjcTests */,
				CA61C02822D3022D00192F1E /* GoogleMapsExampleObjcUITests */,
				CA61C00322D3022C00192F1E /* Products */,
				DBBB6AA1106F362B973408A7 /* Pods */,
				FF956103A576E727A12AC71F /* Frameworks */,
			);
			sourceTree = "<group>";
		};
		CA61C00322D3022C00192F1E /* Products */ = {
			isa = PBXGroup;
			children = (
				CA61C00222D3022C00192F1E /* GoogleMapsExampleObjc.app */,
				CA61C01A22D3022D00192F1E /* GoogleMapsExampleObjcTests.xctest */,
				CA61C02522D3022D00192F1E /* GoogleMapsExampleObjcUITests.xctest */,
			);
			name = Products;
			sourceTree = "<group>";
		};
		CA61C00422D3022C00192F1E /* GoogleMapsExampleObjc */ = {
			isa = PBXGroup;
			children = (
				CA61C00522D3022C00192F1E /* AppDelegate.h */,
				CA61C00622D3022C00192F1E /* AppDelegate.m */,
				CA61C00822D3022C00192F1E /* ViewController.h */,
				CA61C00922D3022C00192F1E /* ViewController.m */,
				CA61C00B22D3022C00192F1E /* Main.storyboard */,
				CA61C00E22D3022D00192F1E /* Assets.xcassets */,
				CA61C01022D3022D00192F1E /* LaunchScreen.storyboard */,
				CA61C01322D3022D00192F1E /* Info.plist */,
				CA61C01422D3022D00192F1E /* main.m */,
			);
			path = GoogleMapsExampleObjc;
			sourceTree = "<group>";
		};
		CA61C01D22D3022D00192F1E /* GoogleMapsExampleObjcTests */ = {
			isa = PBXGroup;
			children = (
				CA61C01E22D3022D00192F1E /* GoogleMapsExampleObjcTests.m */,
				CA61C02022D3022D00192F1E /* Info.plist */,
			);
			path = GoogleMapsExampleObjcTests;
			sourceTree = "<group>";
		};
		CA61C02822D3022D00192F1E /* GoogleMapsExampleObjcUITests */ = {
			isa = PBXGroup;
			children = (
				CA61C02922D3022D00192F1E /* GoogleMapsExampleObjcUITests.m */,
				CA61C02B22D3022D00192F1E /* Info.plist */,
			);
			path = GoogleMapsExampleObjcUITests;
			sourceTree = "<group>";
		};
		DBBB6AA1106F362B973408A7 /* Pods */ = {
			isa = PBXGroup;
			children = (
				8F3CF83CD175F32D1D4B50BF /* Pods-GoogleMapsExampleObjc.debug.xcconfig */,
				FF8E74C6EED289ABDF058B5A /* Pods-GoogleMapsExampleObjc.release.xcconfig */,
				3BE2006A051FE4BD2E4B9B5F /* Pods-GoogleMapsExampleObjcTests.debug.xcconfig */,
				0262C1D3CF1E0A1B2C5452D5 /* Pods-GoogleMapsExampleObjcTests.release.xcconfig */,
				20E34A4E87A94AC80A0034A4 /* Pods-GoogleMapsExampleObjcUITests.debug.xcconfig */,
				699213C26E7727B66CF08138 /* Pods-GoogleMapsExampleObjcUITests.release.xcconfig */,
			);
			name = Pods;
			path = Pods;
			sourceTree = "<group>";
		};
		FF956103A576E727A12AC71F /* Frameworks */ = {
			isa = PBXGroup;
			children = (
				5598B0719CD26F1FF894E2FA /* Pods_GoogleMapsExampleObjc.framework */,
				A4B3053B271FC6172DD5B988 /* Pods_GoogleMapsExampleObjcTests.framework */,
				E21EAFBF95905821BBD1B776 /* Pods_GoogleMapsExampleObjcUITests.framework */,
			);
			name = Frameworks;
			sourceTree = "<group>";
		};
/* End PBXGroup section */

/* Begin PBXNativeTarget section */
		CA61C00122D3022C00192F1E /* GoogleMapsExampleObjc */ = {
			isa = PBXNativeTarget;
			buildConfigurationList = CA61C02E22D3022D00192F1E /* Build configuration list for PBXNativeTarget "GoogleMapsExampleObjc" */;
			buildPhases = (
				A10AFC0F88EB413B1D6BC27E /* [CP] Check Pods Manifest.lock */,
				CA61BFFE22D3022C00192F1E /* Sources */,
				CA61BFFF22D3022C00192F1E /* Frameworks */,
				CA61C00022D3022C00192F1E /* Resources */,
				18A48ADF4573BE048FD7632A /* [CP] Copy Pods Resources */,
			);
			buildRules = (
			);
			dependencies = (
			);
			name = GoogleMapsExampleObjc;
			productName = GoogleMapsExampleObjc;
			productReference = CA61C00222D3022C00192F1E /* GoogleMapsExampleObjc.app */;
			productType = "com.apple.product-type.application";
		};
		CA61C01922D3022D00192F1E /* GoogleMapsExampleObjcTests */ = {
			isa = PBXNativeTarget;
			buildConfigurationList = CA61C03122D3022D00192F1E /* Build configuration list for PBXNativeTarget "GoogleMapsExampleObjcTests" */;
			buildPhases = (
				3FCB27F5EBAD5083FD279A32 /* [CP] Check Pods Manifest.lock */,
				CA61C01622D3022D00192F1E /* Sources */,
				CA61C01722D3022D00192F1E /* Frameworks */,
				CA61C01822D3022D00192F1E /* Resources */,
			);
			buildRules = (
			);
			dependencies = (
				CA61C01C22D3022D00192F1E /* PBXTargetDependency */,
			);
			name = GoogleMapsExampleObjcTests;
			productName = GoogleMapsExampleObjcTests;
			productReference = CA61C01A22D3022D00192F1E /* GoogleMapsExampleObjcTests.xctest */;
			productType = "com.apple.product-type.bundle.unit-test";
		};
		CA61C02422D3022D00192F1E /* GoogleMapsExampleObjcUITests */ = {
			isa = PBXNativeTarget;
			buildConfigurationList = CA61C03422D3022D00192F1E /* Build configuration list for PBXNativeTarget "GoogleMapsExampleObjcUITests" */;
			buildPhases = (
				AC8F9A055DCF8D6BCE82233C /* [CP] Check Pods Manifest.lock */,
				CA61C02122D3022D00192F1E /* Sources */,
				CA61C02222D3022D00192F1E /* Frameworks */,
				CA61C02322D3022D00192F1E /* Resources */,
			);
			buildRules = (
			);
			dependencies = (
				CA61C02722D3022D00192F1E /* PBXTargetDependency */,
			);
			name = GoogleMapsExampleObjcUITests;
			productName = GoogleMapsExampleObjcUITests;
			productReference = CA61C02522D3022D00192F1E /* GoogleMapsExampleObjcUITests.xctest */;
			productType = "com.apple.product-type.bundle.ui-testing";
		};
/* End PBXNativeTarget section */

/* Begin PBXProject section */
		CA61BFFA22D3022C00192F1E /* Project object */ = {
			isa = PBXProject;
			attributes = {
				LastUpgradeCheck = 1020;
				ORGANIZATIONNAME = tj;
				TargetAttributes = {
					CA61C00122D3022C00192F1E = {
						CreatedOnToolsVersion = 10.2.1;
					};
					CA61C01922D3022D00192F1E = {
						CreatedOnToolsVersion = 10.2.1;
						TestTargetID = CA61C00122D3022C00192F1E;
					};
					CA61C02422D3022D00192F1E = {
						CreatedOnToolsVersion = 10.2.1;
						TestTargetID = CA61C00122D3022C00192F1E;
					};
				};
			};
			buildConfigurationList = CA61BFFD22D3022C00192F1E /* Build configuration list for PBXProject "GoogleMapsExampleObjc" */;
			compatibilityVersion = "Xcode 9.3";
			developmentRegion = en;
			hasScannedForEncodings = 0;
			knownRegions = (
				en,
				Base,
			);
			mainGroup = CA61BFF922D3022C00192F1E;
			productRefGroup = CA61C00322D3022C00192F1E /* Products */;
			projectDirPath = "";
			projectRoot = "";
			targets = (
				CA61C00122D3022C00192F1E /* GoogleMapsExampleObjc */,
				CA61C01922D3022D00192F1E /* GoogleMapsExampleObjcTests */,
				CA61C02422D3022D00192F1E /* GoogleMapsExampleObjcUITests */,
			);
		};
/* End PBXProject section */

/* Begin PBXResourcesBuildPhase section */
		CA61C00022D3022C00192F1E /* Resources */ = {
			isa = PBXResourcesBuildPhase;
			buildActionMask = 2147483647;
			files = (
				CA61C01222D3022D00192F1E /* LaunchScreen.storyboard in Resources */,
				CA61C00F22D3022D00192F1E /* Assets.xcassets in Resources */,
				CA61C00D22D3022C00192F1E /* Main.storyboard in Resources */,
			);
			runOnlyForDeploymentPostprocessing = 0;
		};
		CA61C01822D3022D00192F1E /* Resources */ = {
			isa = PBXResourcesBuildPhase;
			buildActionMask = 2147483647;
			files = (
			);
			runOnlyForDeploymentPostprocessing = 0;
		};
		CA61C02322D3022D00192F1E /* Resources */ = {
			isa = PBXResourcesBuildPhase;
			buildActionMask = 2147483647;
			files = (
			);
			runOnlyForDeploymentPostprocessing = 0;
		};
/* End PBXResourcesBuildPhase section */

/* Begin PBXShellScriptBuildPhase section */
		18A48ADF4573BE048FD7632A /* [CP] Copy Pods Resources */ = {
			isa = PBXShellScriptBuildPhase;
			buildActionMask = 2147483647;
			files = (
			);
			inputFileListPaths = (
				"${PODS_ROOT}/Target Support Files/Pods-GoogleMapsExampleObjc/Pods-GoogleMapsExampleObjc-resources-${CONFIGURATION}-input-files.xcfilelist",
			);
			name = "[CP] Copy Pods Resources";
			outputFileListPaths = (
				"${PODS_ROOT}/Target Support Files/Pods-GoogleMapsExampleObjc/Pods-GoogleMapsExampleObjc-resources-${CONFIGURATION}-output-files.xcfilelist",
			);
			runOnlyForDeploymentPostprocessing = 0;
			shellPath = /bin/sh;
			shellScript = "\"${PODS_ROOT}/Target Support Files/Pods-GoogleMapsExampleObjc/Pods-GoogleMapsExampleObjc-resources.sh\"\n";
			showEnvVarsInLog = 0;
		};
		3FCB27F5EBAD5083FD279A32 /* [CP] Check Pods Manifest.lock */ = {
			isa = PBXShellScriptBuildPhase;
			buildActionMask = 2147483647;
			files = (
			);
			inputFileListPaths = (
			);
			inputPaths = (
				"${PODS_PODFILE_DIR_PATH}/Podfile.lock",
				"${PODS_ROOT}/Manifest.lock",
			);
			name = "[CP] Check Pods Manifest.lock";
			outputFileListPaths = (
			);
			outputPaths = (
				"$(DERIVED_FILE_DIR)/Pods-GoogleMapsExampleObjcTests-checkManifestLockResult.txt",
			);
			runOnlyForDeploymentPostprocessing = 0;
			shellPath = /bin/sh;
			shellScript = "diff \"${PODS_PODFILE_DIR_PATH}/Podfile.lock\" \"${PODS_ROOT}/Manifest.lock\" > /dev/null\nif [ $? != 0 ] ; then\n    # print error to STDERR\n    echo \"error: The sandbox is not in sync with the Podfile.lock. Run 'pod install' or update your CocoaPods installation.\" >&2\n    exit 1\nfi\n# This output is used by Xcode 'outputs' to avoid re-running this script phase.\necho \"SUCCESS\" > \"${SCRIPT_OUTPUT_FILE_0}\"\n";
			showEnvVarsInLog = 0;
		};
		A10AFC0F88EB413B1D6BC27E /* [CP] Check Pods Manifest.lock */ = {
			isa = PBXShellScriptBuildPhase;
			buildActionMask = 2147483647;
			files = (
			);
			inputFileListPaths = (
			);
			inputPaths = (
				"${PODS_PODFILE_DIR_PATH}/Podfile.lock",
				"${PODS_ROOT}/Manifest.lock",
			);
			name = "[CP] Check Pods Manifest.lock";
			outputFileListPaths = (
			);
			outputPaths = (
				"$(DERIVED_FILE_DIR)/Pods-GoogleMapsExampleObjc-checkManifestLockResult.txt",
			);
			runOnlyForDeploymentPostprocessing = 0;
			shellPath = /bin/sh;
			shellScript = "diff \"${PODS_PODFILE_DIR_PATH}/Podfile.lock\" \"${PODS_ROOT}/Manifest.lock\" > /dev/null\nif [ $? != 0 ] ; then\n    # print error to STDERR\n    echo \"error: The sandbox is not in sync with the Podfile.lock. Run 'pod install' or update your CocoaPods installation.\" >&2\n    exit 1\nfi\n# This output is used by Xcode 'outputs' to avoid re-running this script phase.\necho \"SUCCESS\" > \"${SCRIPT_OUTPUT_FILE_0}\"\n";
			showEnvVarsInLog = 0;
		};
		AC8F9A055DCF8D6BCE82233C /* [CP] Check Pods Manifest.lock */ = {
			isa = PBXShellScriptBuildPhase;
			buildActionMask = 2147483647;
			files = (
			);
			inputFileListPaths = (
			);
			inputPaths = (
				"${PODS_PODFILE_DIR_PATH}/Podfile.lock",
				"${PODS_ROOT}/Manifest.lock",
			);
			name = "[CP] Check Pods Manifest.lock";
			outputFileListPaths = (
			);
			outputPaths = (
				"$(DERIVED_FILE_DIR)/Pods-GoogleMapsExampleObjcUITests-checkManifestLockResult.txt",
			);
			runOnlyForDeploymentPostprocessing = 0;
			shellPath = /bin/sh;
			shellScript = "diff \"${PODS_PODFILE_DIR_PATH}/Podfile.lock\" \"${PODS_ROOT}/Manifest.lock\" > /dev/null\nif [ $? != 0 ] ; then\n    # print error to STDERR\n    echo \"error: The sandbox is not in sync with the Podfile.lock. Run 'pod install' or update your CocoaPods installation.\" >&2\n    exit 1\nfi\n# This output is used by Xcode 'outputs' to avoid re-running this script phase.\necho \"SUCCESS\" > \"${SCRIPT_OUTPUT_FILE_0}\"\n";
			showEnvVarsInLog = 0;
		};
/* End PBXShellScriptBuildPhase section */

/* Begin PBXSourcesBuildPhase section */
		CA61BFFE22D3022C00192F1E /* Sources */ = {
			isa = PBXSourcesBuildPhase;
			buildActionMask = 2147483647;
			files = (
				CA61C00A22D3022C00192F1E /* ViewController.m in Sources */,
				CA61C01522D3022D00192F1E /* main.m in Sources */,
				CA61C00722D3022C00192F1E /* AppDelegate.m in Sources */,
			);
			runOnlyForDeploymentPostprocessing = 0;
		};
		CA61C01622D3022D00192F1E /* Sources */ = {
			isa = PBXSourcesBuildPhase;
			buildActionMask = 2147483647;
			files = (
				CA61C01F22D3022D00192F1E /* GoogleMapsExampleObjcTests.m in Sources */,
			);
			runOnlyForDeploymentPostprocessing = 0;
		};
		CA61C02122D3022D00192F1E /* Sources */ = {
			isa = PBXSourcesBuildPhase;
			buildActionMask = 2147483647;
			files = (
				CA61C02A22D3022D00192F1E /* GoogleMapsExampleObjcUITests.m in Sources */,
			);
			runOnlyForDeploymentPostprocessing = 0;
		};
/* End PBXSourcesBuildPhase section */

/* Begin PBXTargetDependency section */
		CA61C01C22D3022D00192F1E /* PBXTargetDependency */ = {
			isa = PBXTargetDependency;
			target = CA61C00122D3022C00192F1E /* GoogleMapsExampleObjc */;
			targetProxy = CA61C01B22D3022D00192F1E /* PBXContainerItemProxy */;
		};
		CA61C02722D3022D00192F1E /* PBXTargetDependency */ = {
			isa = PBXTargetDependency;
			target = CA61C00122D3022C00192F1E /* GoogleMapsExampleObjc */;
			targetProxy = CA61C02622D3022D00192F1E /* PBXContainerItemProxy */;
		};
/* End PBXTargetDependency section */

/* Begin PBXVariantGroup section */
		CA61C00B22D3022C00192F1E /* Main.storyboard */ = {
			isa = PBXVariantGroup;
			children = (
				CA61C00C22D3022C00192F1E /* Base */,
			);
			name = Main.storyboard;
			sourceTree = "<group>";
		};
		CA61C01022D3022D00192F1E /* LaunchScreen.storyboard */ = {
			isa = PBXVariantGroup;
			children = (
				CA61C01122D3022D00192F1E /* Base */,
			);
			name = LaunchScreen.storyboard;
			sourceTree = "<group>";
		};
/* End PBXVariantGroup section */

/* Begin XCBuildConfiguration section */
		CA61C02C22D3022D00192F1E /* Debug */ = {
			isa = XCBuildConfiguration;
			buildSettings = {
				ALWAYS_SEARCH_USER_PATHS = NO;
				CLANG_ANALYZER_NONNULL = YES;
				CLANG_ANALYZER_NUMBER_OBJECT_CONVERSION = YES_AGGRESSIVE;
				CLANG_CXX_LANGUAGE_STANDARD = "gnu++14";
				CLANG_CXX_LIBRARY = "libc++";
				CLANG_ENABLE_MODULES = YES;
				CLANG_ENABLE_OBJC_ARC = YES;
				CLANG_ENABLE_OBJC_WEAK = YES;
				CLANG_WARN_BLOCK_CAPTURE_AUTORELEASING = YES;
				CLANG_WARN_BOOL_CONVERSION = YES;
				CLANG_WARN_COMMA = YES;
				CLANG_WARN_CONSTANT_CONVERSION = YES;
				CLANG_WARN_DEPRECATED_OBJC_IMPLEMENTATIONS = YES;
				CLANG_WARN_DIRECT_OBJC_ISA_USAGE = YES_ERROR;
				CLANG_WARN_DOCUMENTATION_COMMENTS = YES;
				CLANG_WARN_EMPTY_BODY = YES;
				CLANG_WARN_ENUM_CONVERSION = YES;
				CLANG_WARN_INFINITE_RECURSION = YES;
				CLANG_WARN_INT_CONVERSION = YES;
				CLANG_WARN_NON_LITERAL_NULL_CONVERSION = YES;
				CLANG_WARN_OBJC_IMPLICIT_RETAIN_SELF = YES;
				CLANG_WARN_OBJC_LITERAL_CONVERSION = YES;
				CLANG_WARN_OBJC_ROOT_CLASS = YES_ERROR;
				CLANG_WARN_RANGE_LOOP_ANALYSIS = YES;
				CLANG_WARN_STRICT_PROTOTYPES = YES;
				CLANG_WARN_SUSPICIOUS_MOVE = YES;
				CLANG_WARN_UNGUARDED_AVAILABILITY = YES_AGGRESSIVE;
				CLANG_WARN_UNREACHABLE_CODE = YES;
				CLANG_WARN__DUPLICATE_METHOD_MATCH = YES;
				CODE_SIGN_IDENTITY = "iPhone Developer";
				COPY_PHASE_STRIP = NO;
				DEBUG_INFORMATION_FORMAT = dwarf;
				ENABLE_STRICT_OBJC_MSGSEND = YES;
				ENABLE_TESTABILITY = YES;
				GCC_C_LANGUAGE_STANDARD = gnu11;
				GCC_DYNAMIC_NO_PIC = NO;
				GCC_NO_COMMON_BLOCKS = YES;
				GCC_OPTIMIZATION_LEVEL = 0;
				GCC_PREPROCESSOR_DEFINITIONS = (
					"DEBUG=1",
					"$(inherited)",
				);
				GCC_WARN_64_TO_32_BIT_CONVERSION = YES;
				GCC_WARN_ABOUT_RETURN_TYPE = YES_ERROR;
				GCC_WARN_UNDECLARED_SELECTOR = YES;
				GCC_WARN_UNINITIALIZED_AUTOS = YES_AGGRESSIVE;
				GCC_WARN_UNUSED_FUNCTION = YES;
				GCC_WARN_UNUSED_VARIABLE = YES;
				IPHONEOS_DEPLOYMENT_TARGET = 12.2;
				MTL_ENABLE_DEBUG_INFO = INCLUDE_SOURCE;
				MTL_FAST_MATH = YES;
				ONLY_ACTIVE_ARCH = YES;
				SDKROOT = iphoneos;
			};
			name = Debug;
		};
		CA61C02D22D3022D00192F1E /* Release */ = {
			isa = XCBuildConfiguration;
			buildSettings = {
				ALWAYS_SEARCH_USER_PATHS = NO;
				CLANG_ANALYZER_NONNULL = YES;
				CLANG_ANALYZER_NUMBER_OBJECT_CONVERSION = YES_AGGRESSIVE;
				CLANG_CXX_LANGUAGE_STANDARD = "gnu++14";
				CLANG_CXX_LIBRARY = "libc++";
				CLANG_ENABLE_MODULES = YES;
				CLANG_ENABLE_OBJC_ARC = YES;
				CLANG_ENABLE_OBJC_WEAK = YES;
				CLANG_WARN_BLOCK_CAPTURE_AUTORELEASING = YES;
				CLANG_WARN_BOOL_CONVERSION = YES;
				CLANG_WARN_COMMA = YES;
				CLANG_WARN_CONSTANT_CONVERSION = YES;
				CLANG_WARN_DEPRECATED_OBJC_IMPLEMENTATIONS = YES;
				CLANG_WARN_DIRECT_OBJC_ISA_USAGE = YES_ERROR;
				CLANG_WARN_DOCUMENTATION_COMMENTS = YES;
				CLANG_WARN_EMPTY_BODY = YES;
				CLANG_WARN_ENUM_CONVERSION = YES;
				CLANG_WARN_INFINITE_RECURSION = YES;
				CLANG_WARN_INT_CONVERSION = YES;
				CLANG_WARN_NON_LITERAL_NULL_CONVERSION = YES;
				CLANG_WARN_OBJC_IMPLICIT_RETAIN_SELF = YES;
				CLANG_WARN_OBJC_LITERAL_CONVERSION = YES;
				CLANG_WARN_OBJC_ROOT_CLASS = YES_ERROR;
				CLANG_WARN_RANGE_LOOP_ANALYSIS = YES;
				CLANG_WARN_STRICT_PROTOTYPES = YES;
				CLANG_WARN_SUSPICIOUS_MOVE = YES;
				CLANG_WARN_UNGUARDED_AVAILABILITY = YES_AGGRESSIVE;
				CLANG_WARN_UNREACHABLE_CODE = YES;
				CLANG_WARN__DUPLICATE_METHOD_MATCH = YES;
				CODE_SIGN_IDENTITY = "iPhone Developer";
				COPY_PHASE_STRIP = NO;
				DEBUG_INFORMATION_FORMAT = "dwarf-with-dsym";
				ENABLE_NS_ASSERTIONS = NO;
				ENABLE_STRICT_OBJC_MSGSEND = YES;
				GCC_C_LANGUAGE_STANDARD = gnu11;
				GCC_NO_COMMON_BLOCKS = YES;
				GCC_WARN_64_TO_32_BIT_CONVERSION = YES;
				GCC_WARN_ABOUT_RETURN_TYPE = YES_ERROR;
				GCC_WARN_UNDECLARED_SELECTOR = YES;
				GCC_WARN_UNINITIALIZED_AUTOS = YES_AGGRESSIVE;
				GCC_WARN_UNUSED_FUNCTION = YES;
				GCC_WARN_UNUSED_VARIABLE = YES;
				IPHONEOS_DEPLOYMENT_TARGET = 12.2;
				MTL_ENABLE_DEBUG_INFO = NO;
				MTL_FAST_MATH = YES;
				SDKROOT = iphoneos;
				VALIDATE_PRODUCT = YES;
			};
			name = Release;
		};
		CA61C02F22D3022D00192F1E /* Debug */ = {
			isa = XCBuildConfiguration;
			baseConfigurationReference = 8F3CF83CD175F32D1D4B50BF /* Pods-GoogleMapsExampleObjc.debug.xcconfig */;
			buildSettings = {
				ASSETCATALOG_COMPILER_APPICON_NAME = AppIcon;
				CODE_SIGN_STYLE = Automatic;
				DEVELOPMENT_TEAM = LMNL8REWQ7;
				INFOPLIST_FILE = GoogleMapsExampleObjc/Info.plist;
				LD_RUNPATH_SEARCH_PATHS = (
					"$(inherited)",
					"@executable_path/Frameworks",
				);
				PRODUCT_BUNDLE_IDENTIFIER = com.tj.GoogleMapsExampleObjc;
				PRODUCT_NAME = "$(TARGET_NAME)";
				TARGETED_DEVICE_FAMILY = "1,2";
			};
			name = Debug;
		};
		CA61C03022D3022D00192F1E /* Release */ = {
			isa = XCBuildConfiguration;
			baseConfigurationReference = FF8E74C6EED289ABDF058B5A /* Pods-GoogleMapsExampleObjc.release.xcconfig */;
			buildSettings = {
				ASSETCATALOG_COMPILER_APPICON_NAME = AppIcon;
				CODE_SIGN_STYLE = Automatic;
				DEVELOPMENT_TEAM = LMNL8REWQ7;
				INFOPLIST_FILE = GoogleMapsExampleObjc/Info.plist;
				LD_RUNPATH_SEARCH_PATHS = (
					"$(inherited)",
					"@executable_path/Frameworks",
				);
				PRODUCT_BUNDLE_IDENTIFIER = com.tj.GoogleMapsExampleObjc;
				PRODUCT_NAME = "$(TARGET_NAME)";
				TARGETED_DEVICE_FAMILY = "1,2";
			};
			name = Release;
		};
		CA61C03222D3022D00192F1E /* Debug */ = {
			isa = XCBuildConfiguration;
			baseConfigurationReference = 3BE2006A051FE4BD2E4B9B5F /* Pods-GoogleMapsExampleObjcTests.debug.xcconfig */;
			buildSettings = {
				BUNDLE_LOADER = "$(TEST_HOST)";
				CODE_SIGN_STYLE = Automatic;
				DEVELOPMENT_TEAM = LMNL8REWQ7;
				INFOPLIST_FILE = GoogleMapsExampleObjcTests/Info.plist;
				LD_RUNPATH_SEARCH_PATHS = (
					"$(inherited)",
					"@executable_path/Frameworks",
					"@loader_path/Frameworks",
				);
				PRODUCT_BUNDLE_IDENTIFIER = com.tj.GoogleMapsExampleObjcTests;
				PRODUCT_NAME = "$(TARGET_NAME)";
				TARGETED_DEVICE_FAMILY = "1,2";
				TEST_HOST = "$(BUILT_PRODUCTS_DIR)/GoogleMapsExampleObjc.app/GoogleMapsExampleObjc";
			};
			name = Debug;
		};
		CA61C03322D3022D00192F1E /* Release */ = {
			isa = XCBuildConfiguration;
			baseConfigurationReference = 0262C1D3CF1E0A1B2C5452D5 /* Pods-GoogleMapsExampleObjcTests.release.xcconfig */;
			buildSettings = {
				BUNDLE_LOADER = "$(TEST_HOST)";
				CODE_SIGN_STYLE = Automatic;
				DEVELOPMENT_TEAM = LMNL8REWQ7;
				INFOPLIST_FILE = GoogleMapsExampleObjcTests/Info.plist;
				LD_RUNPATH_SEARCH_PATHS = (
					"$(inherited)",
					"@executable_path/Frameworks",
					"@loader_path/Frameworks",
				);
				PRODUCT_BUNDLE_IDENTIFIER = com.tj.GoogleMapsExampleObjcTests;
				PRODUCT_NAME = "$(TARGET_NAME)";
				TARGETED_DEVICE_FAMILY = "1,2";
				TEST_HOST = "$(BUILT_PRODUCTS_DIR)/GoogleMapsExampleObjc.app/GoogleMapsExampleObjc";
			};
			name = Release;
		};
		CA61C03522D3022D00192F1E /* Debug */ = {
			isa = XCBuildConfiguration;
			baseConfigurationReference = 20E34A4E87A94AC80A0034A4 /* Pods-GoogleMapsExampleObjcUITests.debug.xcconfig */;
			buildSettings = {
				CODE_SIGN_STYLE = Automatic;
				DEVELOPMENT_TEAM = LMNL8REWQ7;
				INFOPLIST_FILE = GoogleMapsExampleObjcUITests/Info.plist;
				LD_RUNPATH_SEARCH_PATHS = (
					"$(inherited)",
					"@executable_path/Frameworks",
					"@loader_path/Frameworks",
				);
				PRODUCT_BUNDLE_IDENTIFIER = com.tj.GoogleMapsExampleObjcUITests;
				PRODUCT_NAME = "$(TARGET_NAME)";
				TARGETED_DEVICE_FAMILY = "1,2";
				TEST_TARGET_NAME = GoogleMapsExampleObjc;
			};
			name = Debug;
		};
		CA61C03622D3022D00192F1E /* Release */ = {
			isa = XCBuildConfiguration;
			baseConfigurationReference = 699213C26E7727B66CF08138 /* Pods-GoogleMapsExampleObjcUITests.release.xcconfig */;
			buildSettings = {
				CODE_SIGN_STYLE = Automatic;
				DEVELOPMENT_TEAM = LMNL8REWQ7;
				INFOPLIST_FILE = GoogleMapsExampleObjcUITests/Info.plist;
				LD_RUNPATH_SEARCH_PATHS = (
					"$(inherited)",
					"@executable_path/Frameworks",
					"@loader_path/Frameworks",
				);
				PRODUCT_BUNDLE_IDENTIFIER = com.tj.GoogleMapsExampleObjcUITests;
				PRODUCT_NAME = "$(TARGET_NAME)";
				TARGETED_DEVICE_FAMILY = "1,2";
				TEST_TARGET_NAME = GoogleMapsExampleObjc;
			};
			name = Release;
		};
/* End XCBuildConfiguration section */

/* Begin XCConfigurationList section */
		CA61BFFD22D3022C00192F1E /* Build configuration list for PBXProject "GoogleMapsExampleObjc" */ = {
			isa = XCConfigurationList;
			buildConfigurations = (
				CA61C02C22D3022D00192F1E /* Debug */,
				CA61C02D22D3022D00192F1E /* Release */,
			);
			defaultConfigurationIsVisible = 0;
			defaultConfigurationName = Release;
		};
		CA61C02E22D3022D00192F1E /* Build configuration list for PBXNativeTarget "GoogleMapsExampleObjc" */ = {
			isa = XCConfigurationList;
			buildConfigurations = (
				CA61C02F22D3022D00192F1E /* Debug */,
				CA61C03022D3022D00192F1E /* Release */,
			);
			defaultConfigurationIsVisible = 0;
			defaultConfigurationName = Release;
		};
		CA61C03122D3022D00192F1E /* Build configuration list for PBXNativeTarget "GoogleMapsExampleObjcTests" */ = {
			isa = XCConfigurationList;
			buildConfigurations = (
				CA61C03222D3022D00192F1E /* Debug */,
				CA61C03322D3022D00192F1E /* Release */,
			);
			defaultConfigurationIsVisible = 0;
			defaultConfigurationName = Release;
		};
		CA61C03422D3022D00192F1E /* Build configuration list for PBXNativeTarget "GoogleMapsExampleObjcUITests" */ = {
			isa = XCConfigurationList;
			buildConfigurations = (
				CA61C03522D3022D00192F1E /* Debug */,
				CA61C03622D3022D00192F1E /* Release */,
			);
			defaultConfigurationIsVisible = 0;
			defaultConfigurationName = Release;
		};
/* End XCConfigurationList section */
	};
	rootObject = CA61BFFA22D3022C00192F1E /* Project object */;
}
