
Microsoft Visual Studio Solution File, Format Version 12.00
# Visual Studio Version 17
VisualStudioVersion = 17.7.34221.43
MinimumVisualStudioVersion = 10.0.40219.1
Project("{FAE04EC0-301F-11D3-BF4B-00C04F79EFBC}") = "Netcore+TS", "Netcore+TS.csproj", "{DC03DEA9-7E65-4C16-8BAA-4056158BFAF6}"
EndProject
Project("{2150E333-8FDC-42A3-9474-1A3956D46DE8}") = "Solution Items", "Solution Items", "{00E046A9-5B10-4435-95F6-F2501324C3F6}"
	ProjectSection(SolutionItems) = preProject
		README.md = README.md
	EndProjectSection
EndProject
Global
	GlobalSection(SolutionConfigurationPlatforms) = preSolution
		Debug|Any CPU = Debug|Any CPU
		Release|Any CPU = Release|Any CPU
	EndGlobalSection
	GlobalSection(ProjectConfigurationPlatforms) = postSolution
		{DC03DEA9-7E65-4C16-8BAA-4056158BFAF6}.Debug|Any CPU.ActiveCfg = Debug|Any CPU
		{DC03DEA9-7E65-4C16-8BAA-4056158BFAF6}.Debug|Any CPU.Build.0 = Debug|Any CPU
		{DC03DEA9-7E65-4C16-8BAA-4056158BFAF6}.Release|Any CPU.ActiveCfg = Release|Any CPU
		{DC03DEA9-7E65-4C16-8BAA-4056158BFAF6}.Release|Any CPU.Build.0 = Release|Any CPU
	EndGlobalSection
	GlobalSection(SolutionProperties) = preSolution
		HideSolutionNode = FALSE
	EndGlobalSection
	GlobalSection(ExtensibilityGlobals) = postSolution
		SolutionGuid = {177AC367-4CCE-4EED-AC08-AB709EE367C9}
	EndGlobalSection
EndGlobal
