
Microsoft Visual Studio Solution File, Format Version 12.00
# Visual Studio Version 16
VisualStudioVersion = 16.0.30804.86
MinimumVisualStudioVersion = 10.0.40219.1
Project("{FAE04EC0-301F-11D3-BF4B-00C04F79EFBC}") = "ExpenseIt", "ExpenseIt\ExpenseIt.csproj", "{9C876EDF-8D3B-4079-8023-214B444FE639}"
EndProject
Global
	GlobalSection(SolutionConfigurationPlatforms) = preSolution
		Debug|Any CPU = Debug|Any CPU
		Release|Any CPU = Release|Any CPU
	EndGlobalSection
	GlobalSection(ProjectConfigurationPlatforms) = postSolution
		{9C876EDF-8D3B-4079-8023-214B444FE639}.Debug|Any CPU.ActiveCfg = Debug|Any CPU
		{9C876EDF-8D3B-4079-8023-214B444FE639}.Debug|Any CPU.Build.0 = Debug|Any CPU
		{9C876EDF-8D3B-4079-8023-214B444FE639}.Release|Any CPU.ActiveCfg = Release|Any CPU
		{9C876EDF-8D3B-4079-8023-214B444FE639}.Release|Any CPU.Build.0 = Release|Any CPU
	EndGlobalSection
	GlobalSection(SolutionProperties) = preSolution
		HideSolutionNode = FALSE
	EndGlobalSection
	GlobalSection(ExtensibilityGlobals) = postSolution
		SolutionGuid = {F19DCF55-F2D0-4969-9E3B-A00BC1A8C22F}
	EndGlobalSection
EndGlobal
