# THIS IS AN AUTOGENERATED FILE. DO NOT EDIT THIS FILE DIRECTLY.
# yarn lockfile v1


babel-runtime@^6.26.0:
  version "6.26.0"
  resolved "https://registry.yarnpkg.com/babel-runtime/-/babel-runtime-6.26.0.tgz#965c7058668e82b55d7bfe04ff2337bc8b5647fe"
  integrity sha1-llxwWGaOgrVde/4E/yM3vItWR/4=
  dependencies:
    core-js "^2.4.0"
    regenerator-runtime "^0.11.0"

core-js@^2.4.0:
  version "2.6.5"
  resolved "https://registry.yarnpkg.com/core-js/-/core-js-2.6.5.tgz#44bc8d249e7fb2ff5d00e0341a7ffb94fbf67895"
  integrity sha512-klh/kDpwX8hryYL14M9w/xei6vrv6sE8gTHDG7/T/+SEovB/G4ejwcfE/CBzO6Edsu+OETZMZ3wcX/EjUkrl5A==

eslint-utils@^1.4.1:
  version "1.4.2"
  resolved "https://registry.yarnpkg.com/eslint-utils/-/eslint-utils-1.4.2.tgz#166a5180ef6ab7eb462f162fd0e6f2463d7309ab"
  integrity sha512-eAZS2sEUMlIeCjBeubdj45dmBHQwPHWyBcT1VSYB7o9x9WRRqKxyUoiXlRjyAwzN7YEzHJlYg0NmzDRWx6GP4Q==
  dependencies:
    eslint-visitor-keys "^1.0.0"

eslint-visitor-keys@^1.0.0:
  version "1.1.0"
  resolved "https://registry.yarnpkg.com/eslint-visitor-keys/-/eslint-visitor-keys-1.1.0.tgz#e2a82cea84ff246ad6fb57f9bde5b46621459ec2"
  integrity sha512-8y9YjtM1JBJU/A9Kc+SbaOV4y29sSWckBwMHa+FGtVj5gN/sbnKDf6xJUl+8g7FAij9LVaP8C24DUiH/f/2Z9A==

neo4j-driver@^1.7.3:
  version "1.7.3"
  resolved "https://registry.yarnpkg.com/neo4j-driver/-/neo4j-driver-1.7.3.tgz#1c1108ab26b7243975f1b20045daf31d8f685207"
  integrity sha512-UCNOFiQdouq14PvZGTr+psy657BJsBpO6O2cJpP+NprZnEF4APrDzAcydPZSFxE1nfooLNc50vfuZ0q54UyY2Q==
  dependencies:
    babel-runtime "^6.26.0"
    text-encoding "^0.6.4"
    uri-js "^4.2.1"

punycode@^2.1.0:
  version "2.1.1"
  resolved "https://registry.yarnpkg.com/punycode/-/punycode-2.1.1.tgz#b58b010ac40c22c5657616c8d2c2c02c7bf479ec"
  integrity sha512-XRsRjdf+j5ml+y/6GKHPZbrF/8p2Yga0JPtdqTIY2Xe5ohJPD9saDJJLPvp9+NSBprVvevdXZybnj2cv8OEd0A==

regenerator-runtime@^0.11.0:
  version "0.11.1"
  resolved "https://registry.yarnpkg.com/regenerator-runtime/-/regenerator-runtime-0.11.1.tgz#be05ad7f9bf7d22e056f9726cee5017fbf19e2e9"
  integrity sha512-MguG95oij0fC3QV3URf4V2SDYGJhJnJGqvIIgdECeODCT98wSWDAJ94SSuVpYQUoTcGUIL6L4yNB7j1DFFHSBg==

text-encoding@^0.6.4:
  version "0.6.4"
  resolved "https://registry.yarnpkg.com/text-encoding/-/text-encoding-0.6.4.tgz#e399a982257a276dae428bb92845cb71bdc26d19"
  integrity sha1-45mpgiV6J22uQou5KEXLcb3CbRk=

uri-js@^4.2.1:
  version "4.2.2"
  resolved "https://registry.yarnpkg.com/uri-js/-/uri-js-4.2.2.tgz#94c540e1ff772956e2299507c010aea6c8838eb0"
  integrity sha512-KY9Frmirql91X2Qgjry0Wd4Y+YTdrdZheS8TFwvkbLWf/G5KNJDCh6pKL5OZctEW4+0Baa5idK2ZQuELRwPznQ==
  dependencies:
    punycode "^2.1.0"
