# THIS IS AN AUTOGENERATED FILE. DO NOT EDIT THIS FILE DIRECTLY.
# yarn lockfile v1


node-fetch@^2.5.0:
  version "2.5.0"
  resolved "https://registry.yarnpkg.com/node-fetch/-/node-fetch-2.5.0.tgz#8028c49fc1191bba56a07adc6e2a954644a48501"
  integrity sha512-YuZKluhWGJwCcUu4RlZstdAxr8bFfOVHakc1mplwHkk8J+tqM1Y5yraYvIUpeX8aY7+crCwiELJq7Vl0o0LWXw==
