# THIS IS AN AUTOGENERATED FILE. DO NOT EDIT THIS FILE DIRECTLY.
# yarn lockfile v1


eslint-utils@^1.4.1:
  version "1.4.2"
  resolved "https://registry.yarnpkg.com/eslint-utils/-/eslint-utils-1.4.2.tgz#166a5180ef6ab7eb462f162fd0e6f2463d7309ab"
  integrity sha512-eAZS2sEUMlIeCjBeubdj45dmBHQwPHWyBcT1VSYB7o9x9WRRqKxyUoiXlRjyAwzN7YEzHJlYg0NmzDRWx6GP4Q==
  dependencies:
    eslint-visitor-keys "^1.0.0"

eslint-visitor-keys@^1.0.0:
  version "1.1.0"
  resolved "https://registry.yarnpkg.com/eslint-visitor-keys/-/eslint-visitor-keys-1.1.0.tgz#e2a82cea84ff246ad6fb57f9bde5b46621459ec2"
  integrity sha512-8y9YjtM1JBJU/A9Kc+SbaOV4y29sSWckBwMHa+FGtVj5gN/sbnKDf6xJUl+8g7FAij9LVaP8C24DUiH/f/2Z9A==

node-fetch@^2.5.0:
  version "2.5.0"
  resolved "https://registry.yarnpkg.com/node-fetch/-/node-fetch-2.5.0.tgz#8028c49fc1191bba56a07adc6e2a954644a48501"
  integrity sha512-YuZKluhWGJwCcUu4RlZstdAxr8bFfOVHakc1mplwHkk8J+tqM1Y5yraYvIUpeX8aY7+crCwiELJq7Vl0o0LWXw==
