{
  "object": {
    "pins": [
      {
        "package": "Socket",
        "repositoryURL": "https://github.com/Kitura/BlueSocket.git",
        "state": {
          "branch": null,
          "revision": "c9894fd117457f1d006575fbfb2fdfd6f79eac03",
          "version": "1.0.200"
        }
      },
      {
        "package": "SwiftRedis",
        "repositoryURL": "https://github.com/Kitura/Kitura-redis.git",
        "state": {
          "branch": null,
          "revision": "bdb603ac7aa662f522a4e4671908497e2dd152c0",
          "version": "2.1.200"
        }
      }
    ]
  },
  "version": 1
}
