
Microsoft Visual Studio Solution File, Format Version 12.00
# Visual Studio Version 16
VisualStudioVersion = 16.0.30804.86
MinimumVisualStudioVersion = 10.0.40219.1
Project("{9A19103F-16F7-4668-BE54-9A1E7A4F7556}") = "StringLibrary", "StringLibrary\StringLibrary.csproj", "{E93A9C1B-BAE6-481E-9B05-0A0D83C6B502}"
EndProject
Project("{9A19103F-16F7-4668-BE54-9A1E7A4F7556}") = "ShowCase", "ShowCase\ShowCase.csproj", "{8842DCAF-C45B-4B4B-AFE3-F21B916C432B}"
EndProject
Project("{FAE04EC0-301F-11D3-BF4B-00C04F79EFBC}") = "StringLibraryTest", "StringLibraryTest\StringLibraryTest.csproj", "{2B7059E1-8AA9-4716-ABD8-7527E2C7317F}"
EndProject
Global
	GlobalSection(SolutionConfigurationPlatforms) = preSolution
		Debug|Any CPU = Debug|Any CPU
		Release|Any CPU = Release|Any CPU
	EndGlobalSection
	GlobalSection(ProjectConfigurationPlatforms) = postSolution
		{E93A9C1B-BAE6-481E-9B05-0A0D83C6B502}.Debug|Any CPU.ActiveCfg = Debug|Any CPU
		{E93A9C1B-BAE6-481E-9B05-0A0D83C6B502}.Debug|Any CPU.Build.0 = Debug|Any CPU
		{E93A9C1B-BAE6-481E-9B05-0A0D83C6B502}.Release|Any CPU.ActiveCfg = Release|Any CPU
		{E93A9C1B-BAE6-481E-9B05-0A0D83C6B502}.Release|Any CPU.Build.0 = Release|Any CPU
		{8842DCAF-C45B-4B4B-AFE3-F21B916C432B}.Debug|Any CPU.ActiveCfg = Debug|Any CPU
		{8842DCAF-C45B-4B4B-AFE3-F21B916C432B}.Debug|Any CPU.Build.0 = Debug|Any CPU
		{8842DCAF-C45B-4B4B-AFE3-F21B916C432B}.Release|Any CPU.ActiveCfg = Release|Any CPU
		{8842DCAF-C45B-4B4B-AFE3-F21B916C432B}.Release|Any CPU.Build.0 = Release|Any CPU
		{2B7059E1-8AA9-4716-ABD8-7527E2C7317F}.Debug|Any CPU.ActiveCfg = Debug|Any CPU
		{2B7059E1-8AA9-4716-ABD8-7527E2C7317F}.Debug|Any CPU.Build.0 = Debug|Any CPU
		{2B7059E1-8AA9-4716-ABD8-7527E2C7317F}.Release|Any CPU.ActiveCfg = Release|Any CPU
		{2B7059E1-8AA9-4716-ABD8-7527E2C7317F}.Release|Any CPU.Build.0 = Release|Any CPU
	EndGlobalSection
	GlobalSection(SolutionProperties) = preSolution
		HideSolutionNode = FALSE
	EndGlobalSection
	GlobalSection(ExtensibilityGlobals) = postSolution
		SolutionGuid = {EB79E4CD-1A7E-4408-8656-950C66759974}
	EndGlobalSection
EndGlobal
