
Microsoft Visual Studio Solution File, Format Version 12.00
# Visual Studio Version 16
VisualStudioVersion = 16.0.30804.86
MinimumVisualStudioVersion = 10.0.40219.1
Project("{FAE04EC0-301F-11D3-BF4B-00C04F79EFBC}") = "ButtonTutorial.Android", "ButtonTutorial\ButtonTutorial.Android\ButtonTutorial.Android.csproj", "{763AEB43-A51A-43DE-9122-B110F07A3F15}"
EndProject
Project("{FAE04EC0-301F-11D3-BF4B-00C04F79EFBC}") = "ButtonTutorial.iOS", "ButtonTutorial\ButtonTutorial.iOS\ButtonTutorial.iOS.csproj", "{5F01B756-A5A6-4344-B824-F87C58148B02}"
EndProject
Project("{FAE04EC0-301F-11D3-BF4B-00C04F79EFBC}") = "ButtonTutorial", "ButtonTutorial\ButtonTutorial\ButtonTutorial.csproj", "{0873D363-447C-4024-8E0B-03E54661167C}"
EndProject
Global
	GlobalSection(SolutionConfigurationPlatforms) = preSolution
		Debug|Any CPU = Debug|Any CPU
		Debug|iPhone = Debug|iPhone
		Debug|iPhoneSimulator = Debug|iPhoneSimulator
		Release|Any CPU = Release|Any CPU
		Release|iPhone = Release|iPhone
		Release|iPhoneSimulator = Release|iPhoneSimulator
	EndGlobalSection
	GlobalSection(ProjectConfigurationPlatforms) = postSolution
		{763AEB43-A51A-43DE-9122-B110F07A3F15}.Debug|Any CPU.ActiveCfg = Debug|Any CPU
		{763AEB43-A51A-43DE-9122-B110F07A3F15}.Debug|Any CPU.Build.0 = Debug|Any CPU
		{763AEB43-A51A-43DE-9122-B110F07A3F15}.Debug|Any CPU.Deploy.0 = Debug|Any CPU
		{763AEB43-A51A-43DE-9122-B110F07A3F15}.Debug|iPhone.ActiveCfg = Debug|Any CPU
		{763AEB43-A51A-43DE-9122-B110F07A3F15}.Debug|iPhone.Build.0 = Debug|Any CPU
		{763AEB43-A51A-43DE-9122-B110F07A3F15}.Debug|iPhone.Deploy.0 = Debug|Any CPU
		{763AEB43-A51A-43DE-9122-B110F07A3F15}.Debug|iPhoneSimulator.ActiveCfg = Debug|Any CPU
		{763AEB43-A51A-43DE-9122-B110F07A3F15}.Debug|iPhoneSimulator.Build.0 = Debug|Any CPU
		{763AEB43-A51A-43DE-9122-B110F07A3F15}.Debug|iPhoneSimulator.Deploy.0 = Debug|Any CPU
		{763AEB43-A51A-43DE-9122-B110F07A3F15}.Release|Any CPU.ActiveCfg = Release|Any CPU
		{763AEB43-A51A-43DE-9122-B110F07A3F15}.Release|Any CPU.Build.0 = Release|Any CPU
		{763AEB43-A51A-43DE-9122-B110F07A3F15}.Release|Any CPU.Deploy.0 = Release|Any CPU
		{763AEB43-A51A-43DE-9122-B110F07A3F15}.Release|iPhone.ActiveCfg = Release|Any CPU
		{763AEB43-A51A-43DE-9122-B110F07A3F15}.Release|iPhone.Build.0 = Release|Any CPU
		{763AEB43-A51A-43DE-9122-B110F07A3F15}.Release|iPhone.Deploy.0 = Release|Any CPU
		{763AEB43-A51A-43DE-9122-B110F07A3F15}.Release|iPhoneSimulator.ActiveCfg = Release|Any CPU
		{763AEB43-A51A-43DE-9122-B110F07A3F15}.Release|iPhoneSimulator.Build.0 = Release|Any CPU
		{763AEB43-A51A-43DE-9122-B110F07A3F15}.Release|iPhoneSimulator.Deploy.0 = Release|Any CPU
		{5F01B756-A5A6-4344-B824-F87C58148B02}.Debug|Any CPU.ActiveCfg = Debug|iPhone
		{5F01B756-A5A6-4344-B824-F87C58148B02}.Debug|Any CPU.Build.0 = Debug|iPhone
		{5F01B756-A5A6-4344-B824-F87C58148B02}.Debug|Any CPU.Deploy.0 = Debug|iPhone
		{5F01B756-A5A6-4344-B824-F87C58148B02}.Debug|iPhone.ActiveCfg = Debug|iPhone
		{5F01B756-A5A6-4344-B824-F87C58148B02}.Debug|iPhone.Build.0 = Debug|iPhone
		{5F01B756-A5A6-4344-B824-F87C58148B02}.Debug|iPhone.Deploy.0 = Debug|iPhone
		{5F01B756-A5A6-4344-B824-F87C58148B02}.Debug|iPhoneSimulator.ActiveCfg = Debug|iPhoneSimulator
		{5F01B756-A5A6-4344-B824-F87C58148B02}.Debug|iPhoneSimulator.Build.0 = Debug|iPhoneSimulator
		{5F01B756-A5A6-4344-B824-F87C58148B02}.Debug|iPhoneSimulator.Deploy.0 = Debug|iPhoneSimulator
		{5F01B756-A5A6-4344-B824-F87C58148B02}.Release|Any CPU.ActiveCfg = Release|iPhoneSimulator
		{5F01B756-A5A6-4344-B824-F87C58148B02}.Release|Any CPU.Build.0 = Release|iPhoneSimulator
		{5F01B756-A5A6-4344-B824-F87C58148B02}.Release|Any CPU.Deploy.0 = Release|iPhoneSimulator
		{5F01B756-A5A6-4344-B824-F87C58148B02}.Release|iPhone.ActiveCfg = Release|iPhone
		{5F01B756-A5A6-4344-B824-F87C58148B02}.Release|iPhone.Build.0 = Release|iPhone
		{5F01B756-A5A6-4344-B824-F87C58148B02}.Release|iPhone.Deploy.0 = Release|iPhone
		{5F01B756-A5A6-4344-B824-F87C58148B02}.Release|iPhoneSimulator.ActiveCfg = Release|iPhoneSimulator
		{5F01B756-A5A6-4344-B824-F87C58148B02}.Release|iPhoneSimulator.Build.0 = Release|iPhoneSimulator
		{5F01B756-A5A6-4344-B824-F87C58148B02}.Release|iPhoneSimulator.Deploy.0 = Release|iPhoneSimulator
		{0873D363-447C-4024-8E0B-03E54661167C}.Debug|Any CPU.ActiveCfg = Debug|Any CPU
		{0873D363-447C-4024-8E0B-03E54661167C}.Debug|Any CPU.Build.0 = Debug|Any CPU
		{0873D363-447C-4024-8E0B-03E54661167C}.Debug|Any CPU.Deploy.0 = Debug|Any CPU
		{0873D363-447C-4024-8E0B-03E54661167C}.Debug|iPhone.ActiveCfg = Debug|Any CPU
		{0873D363-447C-4024-8E0B-03E54661167C}.Debug|iPhone.Build.0 = Debug|Any CPU
		{0873D363-447C-4024-8E0B-03E54661167C}.Debug|iPhone.Deploy.0 = Debug|Any CPU
		{0873D363-447C-4024-8E0B-03E54661167C}.Debug|iPhoneSimulator.ActiveCfg = Debug|Any CPU
		{0873D363-447C-4024-8E0B-03E54661167C}.Debug|iPhoneSimulator.Build.0 = Debug|Any CPU
		{0873D363-447C-4024-8E0B-03E54661167C}.Debug|iPhoneSimulator.Deploy.0 = Debug|Any CPU
		{0873D363-447C-4024-8E0B-03E54661167C}.Release|Any CPU.ActiveCfg = Release|Any CPU
		{0873D363-447C-4024-8E0B-03E54661167C}.Release|Any CPU.Build.0 = Release|Any CPU
		{0873D363-447C-4024-8E0B-03E54661167C}.Release|Any CPU.Deploy.0 = Release|Any CPU
		{0873D363-447C-4024-8E0B-03E54661167C}.Release|iPhone.ActiveCfg = Release|Any CPU
		{0873D363-447C-4024-8E0B-03E54661167C}.Release|iPhone.Build.0 = Release|Any CPU
		{0873D363-447C-4024-8E0B-03E54661167C}.Release|iPhone.Deploy.0 = Release|Any CPU
		{0873D363-447C-4024-8E0B-03E54661167C}.Release|iPhoneSimulator.ActiveCfg = Release|Any CPU
		{0873D363-447C-4024-8E0B-03E54661167C}.Release|iPhoneSimulator.Build.0 = Release|Any CPU
		{0873D363-447C-4024-8E0B-03E54661167C}.Release|iPhoneSimulator.Deploy.0 = Release|Any CPU
	EndGlobalSection
	GlobalSection(SolutionProperties) = preSolution
		HideSolutionNode = FALSE
	EndGlobalSection
	GlobalSection(ExtensibilityGlobals) = postSolution
		SolutionGuid = {E95268CB-7647-46CB-99C1-8F235CDC3BDA}
	EndGlobalSection
EndGlobal
