
Microsoft Visual Studio Solution File, Format Version 12.00
# Visual Studio Version 17
VisualStudioVersion = 17.7.34221.43
MinimumVisualStudioVersion = 10.0.40219.1
Project("{9A19103F-16F7-4668-BE54-9A1E7A4F7556}") = "JokeServiceWixInstaller", "JokeServiceWixInstaller.csproj", "{5FD12058-90BB-4EAE-86E7-E4C08643BE2F}"
EndProject
Project("{B7DD6F7E-DEF8-4E67-B5B7-07EF123DB6F0}") = "WindowsServiceInstaller", "WindowsServiceInstaller\WindowsServiceInstaller.wixproj", "{B4E1E60D-6B30-4911-9E4E-0AF78DD41659}"
EndProject
Global
	GlobalSection(SolutionConfigurationPlatforms) = preSolution
		Debug|Any CPU = Debug|Any CPU
		Debug|ARM64 = Debug|ARM64
		Debug|x64 = Debug|x64
		Debug|x86 = Debug|x86
		Release|Any CPU = Release|Any CPU
		Release|ARM64 = Release|ARM64
		Release|x64 = Release|x64
		Release|x86 = Release|x86
	EndGlobalSection
	GlobalSection(ProjectConfigurationPlatforms) = postSolution
		{5FD12058-90BB-4EAE-86E7-E4C08643BE2F}.Debug|Any CPU.ActiveCfg = Debug|Any CPU
		{5FD12058-90BB-4EAE-86E7-E4C08643BE2F}.Debug|Any CPU.Build.0 = Debug|Any CPU
		{5FD12058-90BB-4EAE-86E7-E4C08643BE2F}.Debug|ARM64.ActiveCfg = Debug|Any CPU
		{5FD12058-90BB-4EAE-86E7-E4C08643BE2F}.Debug|ARM64.Build.0 = Debug|Any CPU
		{5FD12058-90BB-4EAE-86E7-E4C08643BE2F}.Debug|x64.ActiveCfg = Debug|Any CPU
		{5FD12058-90BB-4EAE-86E7-E4C08643BE2F}.Debug|x64.Build.0 = Debug|Any CPU
		{5FD12058-90BB-4EAE-86E7-E4C08643BE2F}.Debug|x86.ActiveCfg = Debug|Any CPU
		{5FD12058-90BB-4EAE-86E7-E4C08643BE2F}.Debug|x86.Build.0 = Debug|Any CPU
		{5FD12058-90BB-4EAE-86E7-E4C08643BE2F}.Release|Any CPU.ActiveCfg = Release|Any CPU
		{5FD12058-90BB-4EAE-86E7-E4C08643BE2F}.Release|Any CPU.Build.0 = Release|Any CPU
		{5FD12058-90BB-4EAE-86E7-E4C08643BE2F}.Release|ARM64.ActiveCfg = Release|Any CPU
		{5FD12058-90BB-4EAE-86E7-E4C08643BE2F}.Release|ARM64.Build.0 = Release|Any CPU
		{5FD12058-90BB-4EAE-86E7-E4C08643BE2F}.Release|x64.ActiveCfg = Release|Any CPU
		{5FD12058-90BB-4EAE-86E7-E4C08643BE2F}.Release|x64.Build.0 = Release|Any CPU
		{5FD12058-90BB-4EAE-86E7-E4C08643BE2F}.Release|x86.ActiveCfg = Release|Any CPU
		{5FD12058-90BB-4EAE-86E7-E4C08643BE2F}.Release|x86.Build.0 = Release|Any CPU
		{B4E1E60D-6B30-4911-9E4E-0AF78DD41659}.Debug|Any CPU.ActiveCfg = Debug|x64
		{B4E1E60D-6B30-4911-9E4E-0AF78DD41659}.Debug|Any CPU.Build.0 = Debug|x64
		{B4E1E60D-6B30-4911-9E4E-0AF78DD41659}.Debug|ARM64.ActiveCfg = Debug|ARM64
		{B4E1E60D-6B30-4911-9E4E-0AF78DD41659}.Debug|ARM64.Build.0 = Debug|ARM64
		{B4E1E60D-6B30-4911-9E4E-0AF78DD41659}.Debug|x64.ActiveCfg = Debug|x64
		{B4E1E60D-6B30-4911-9E4E-0AF78DD41659}.Debug|x64.Build.0 = Debug|x64
		{B4E1E60D-6B30-4911-9E4E-0AF78DD41659}.Debug|x86.ActiveCfg = Debug|x86
		{B4E1E60D-6B30-4911-9E4E-0AF78DD41659}.Debug|x86.Build.0 = Debug|x86
		{B4E1E60D-6B30-4911-9E4E-0AF78DD41659}.Release|Any CPU.ActiveCfg = Release|x64
		{B4E1E60D-6B30-4911-9E4E-0AF78DD41659}.Release|Any CPU.Build.0 = Release|x64
		{B4E1E60D-6B30-4911-9E4E-0AF78DD41659}.Release|ARM64.ActiveCfg = Release|ARM64
		{B4E1E60D-6B30-4911-9E4E-0AF78DD41659}.Release|ARM64.Build.0 = Release|ARM64
		{B4E1E60D-6B30-4911-9E4E-0AF78DD41659}.Release|x64.ActiveCfg = Release|x64
		{B4E1E60D-6B30-4911-9E4E-0AF78DD41659}.Release|x64.Build.0 = Release|x64
		{B4E1E60D-6B30-4911-9E4E-0AF78DD41659}.Release|x86.ActiveCfg = Release|x86
		{B4E1E60D-6B30-4911-9E4E-0AF78DD41659}.Release|x86.Build.0 = Release|x86
	EndGlobalSection
	GlobalSection(SolutionProperties) = preSolution
		HideSolutionNode = FALSE
	EndGlobalSection
	GlobalSection(ExtensibilityGlobals) = postSolution
		SolutionGuid = {DE29D7EB-7133-4911-AD4C-257C0FC6A6AE}
	EndGlobalSection
EndGlobal
