# THIS IS AN AUTOGENERATED FILE. DO NOT EDIT THIS FILE DIRECTLY.
# yarn lockfile v1


async-limiter@~1.0.0:
  version "1.0.0"
  resolved "https://registry.yarnpkg.com/async-limiter/-/async-limiter-1.0.0.tgz#78faed8c3d074ab81f22b4e985d79e8738f720f8"
  integrity sha512-jp/uFnooOiO+L211eZOoSyzpOITMXx1rBITauYykG3BRYPu8h0UcxsPNB04RR5vo4Tyz3+ay17tR6JVf9qzYWg==

eslint-utils@^1.4.1:
  version "1.4.2"
  resolved "https://registry.yarnpkg.com/eslint-utils/-/eslint-utils-1.4.2.tgz#166a5180ef6ab7eb462f162fd0e6f2463d7309ab"
  integrity sha512-eAZS2sEUMlIeCjBeubdj45dmBHQwPHWyBcT1VSYB7o9x9WRRqKxyUoiXlRjyAwzN7YEzHJlYg0NmzDRWx6GP4Q==
  dependencies:
    eslint-visitor-keys "^1.0.0"

eslint-visitor-keys@^1.0.0:
  version "1.1.0"
  resolved "https://registry.yarnpkg.com/eslint-visitor-keys/-/eslint-visitor-keys-1.1.0.tgz#e2a82cea84ff246ad6fb57f9bde5b46621459ec2"
  integrity sha512-8y9YjtM1JBJU/A9Kc+SbaOV4y29sSWckBwMHa+FGtVj5gN/sbnKDf6xJUl+8g7FAij9LVaP8C24DUiH/f/2Z9A==

ws@^6.2.1:
  version "6.2.1"
  resolved "https://registry.yarnpkg.com/ws/-/ws-6.2.1.tgz#442fdf0a47ed64f59b6a5d8ff130f4748ed524fb"
  integrity sha512-GIyAXC2cB7LjvpgMt9EKS2ldqr0MTrORaleiOno6TweZ6r3TKtoFQWay/2PceJ3RuBasOHzXNn5Lrw1X0bEjqA==
  dependencies:
    async-limiter "~1.0.0"
